
Microsoft Visual Studio Solution File, Format Version 12.00
# Visual Studio Version 17
VisualStudioVersion = 17.4.33122.133
MinimumVisualStudioVersion = 10.0.40219.1
Project("{9A19103F-16F7-4668-BE54-9A1E7A4F7556}") = "Day1", "Day1\Day1.csproj", "{01139F99-6F4B-45D2-8BA3-C66EDC1689E5}"
EndProject
Project("{9A19103F-16F7-4668-BE54-9A1E7A4F7556}") = "Day2", "Day2\Day2.csproj", "{AB8273CC-2C7E-4962-9CA6-E7234566B72B}"
EndProject
Project("{9A19103F-16F7-4668-BE54-9A1E7A4F7556}") = "Day3-1", "Day3-1\Day3-1.csproj", "{75DE93EE-6245-4DF8-90EE-A4E779A5B9E8}"
EndProject
Project("{9A19103F-16F7-4668-BE54-9A1E7A4F7556}") = "Day3-2", "Day3-2\Day3-2.csproj", "{D0E90C55-2122-4F6B-B30A-7981C2E59C41}"
EndProject
Project("{9A19103F-16F7-4668-BE54-9A1E7A4F7556}") = "Day4-1", "Day4-1\Day4-1.csproj", "{707F866B-603F-41BF-AB81-6FAFEFFA5B03}"
EndProject
Project("{9A19103F-16F7-4668-BE54-9A1E7A4F7556}") = "Day4-2", "Day4-2\Day4-2.csproj", "{81648340-0F35-4727-BF3F-A6D351ADC204}"
EndProject
Project("{9A19103F-16F7-4668-BE54-9A1E7A4F7556}") = "Day5-1", "Day5-1\Day5-1.csproj", "{F95F419A-8D2B-4804-9BF7-D538277FA63C}"
EndProject
Project("{9A19103F-16F7-4668-BE54-9A1E7A4F7556}") = "Day5-2", "Day5-2\Day5-2.csproj", "{F768D609-863C-4294-B798-449DE1F5D515}"
EndProject
Project("{FAE04EC0-301F-11D3-BF4B-00C04F79EFBC}") = "Day6-1", "Day6-1\Day6-1.csproj", "{7A5D10F0-65FE-42A0-B98A-7A1901FECC22}"
EndProject
Project("{FAE04EC0-301F-11D3-BF4B-00C04F79EFBC}") = "Day6-2", "Day6-2\Day6-2.csproj", "{FE5AE569-8F1A-42F4-BD55-32803201B4D1}"
EndProject
Global
	GlobalSection(SolutionConfigurationPlatforms) = preSolution
		Debug|Any CPU = Debug|Any CPU
		Release|Any CPU = Release|Any CPU
	EndGlobalSection
	GlobalSection(ProjectConfigurationPlatforms) = postSolution
		{01139F99-6F4B-45D2-8BA3-C66EDC1689E5}.Debug|Any CPU.ActiveCfg = Debug|Any CPU
		{01139F99-6F4B-45D2-8BA3-C66EDC1689E5}.Debug|Any CPU.Build.0 = Debug|Any CPU
		{01139F99-6F4B-45D2-8BA3-C66EDC1689E5}.Release|Any CPU.ActiveCfg = Release|Any CPU
		{01139F99-6F4B-45D2-8BA3-C66EDC1689E5}.Release|Any CPU.Build.0 = Release|Any CPU
		{AB8273CC-2C7E-4962-9CA6-E7234566B72B}.Debug|Any CPU.ActiveCfg = Debug|Any CPU
		{AB8273CC-2C7E-4962-9CA6-E7234566B72B}.Debug|Any CPU.Build.0 = Debug|Any CPU
		{AB8273CC-2C7E-4962-9CA6-E7234566B72B}.Release|Any CPU.ActiveCfg = Release|Any CPU
		{AB8273CC-2C7E-4962-9CA6-E7234566B72B}.Release|Any CPU.Build.0 = Release|Any CPU
		{75DE93EE-6245-4DF8-90EE-A4E779A5B9E8}.Debug|Any CPU.ActiveCfg = Debug|Any CPU
		{75DE93EE-6245-4DF8-90EE-A4E779A5B9E8}.Debug|Any CPU.Build.0 = Debug|Any CPU
		{75DE93EE-6245-4DF8-90EE-A4E779A5B9E8}.Release|Any CPU.ActiveCfg = Release|Any CPU
		{75DE93EE-6245-4DF8-90EE-A4E779A5B9E8}.Release|Any CPU.Build.0 = Release|Any CPU
		{D0E90C55-2122-4F6B-B30A-7981C2E59C41}.Debug|Any CPU.ActiveCfg = Debug|Any CPU
		{D0E90C55-2122-4F6B-B30A-7981C2E59C41}.Debug|Any CPU.Build.0 = Debug|Any CPU
		{D0E90C55-2122-4F6B-B30A-7981C2E59C41}.Release|Any CPU.ActiveCfg = Release|Any CPU
		{D0E90C55-2122-4F6B-B30A-7981C2E59C41}.Release|Any CPU.Build.0 = Release|Any CPU
		{707F866B-603F-41BF-AB81-6FAFEFFA5B03}.Debug|Any CPU.ActiveCfg = Debug|Any CPU
		{707F866B-603F-41BF-AB81-6FAFEFFA5B03}.Debug|Any CPU.Build.0 = Debug|Any CPU
		{707F866B-603F-41BF-AB81-6FAFEFFA5B03}.Release|Any CPU.ActiveCfg = Release|Any CPU
		{707F866B-603F-41BF-AB81-6FAFEFFA5B03}.Release|Any CPU.Build.0 = Release|Any CPU
		{81648340-0F35-4727-BF3F-A6D351ADC204}.Debug|Any CPU.ActiveCfg = Debug|Any CPU
		{81648340-0F35-4727-BF3F-A6D351ADC204}.Debug|Any CPU.Build.0 = Debug|Any CPU
		{81648340-0F35-4727-BF3F-A6D351ADC204}.Release|Any CPU.ActiveCfg = Release|Any CPU
		{81648340-0F35-4727-BF3F-A6D351ADC204}.Release|Any CPU.Build.0 = Release|Any CPU
		{F95F419A-8D2B-4804-9BF7-D538277FA63C}.Debug|Any CPU.ActiveCfg = Debug|Any CPU
		{F95F419A-8D2B-4804-9BF7-D538277FA63C}.Debug|Any CPU.Build.0 = Debug|Any CPU
		{F95F419A-8D2B-4804-9BF7-D538277FA63C}.Release|Any CPU.ActiveCfg = Release|Any CPU
		{F95F419A-8D2B-4804-9BF7-D538277FA63C}.Release|Any CPU.Build.0 = Release|Any CPU
		{F768D609-863C-4294-B798-449DE1F5D515}.Debug|Any CPU.ActiveCfg = Debug|Any CPU
		{F768D609-863C-4294-B798-449DE1F5D515}.Debug|Any CPU.Build.0 = Debug|Any CPU
		{F768D609-863C-4294-B798-449DE1F5D515}.Release|Any CPU.ActiveCfg = Release|Any CPU
		{F768D609-863C-4294-B798-449DE1F5D515}.Release|Any CPU.Build.0 = Release|Any CPU
		{7A5D10F0-65FE-42A0-B98A-7A1901FECC22}.Debug|Any CPU.ActiveCfg = Debug|Any CPU
		{7A5D10F0-65FE-42A0-B98A-7A1901FECC22}.Debug|Any CPU.Build.0 = Debug|Any CPU
		{7A5D10F0-65FE-42A0-B98A-7A1901FECC22}.Release|Any CPU.ActiveCfg = Release|Any CPU
		{7A5D10F0-65FE-42A0-B98A-7A1901FECC22}.Release|Any CPU.Build.0 = Release|Any CPU
		{FE5AE569-8F1A-42F4-BD55-32803201B4D1}.Debug|Any CPU.ActiveCfg = Debug|Any CPU
		{FE5AE569-8F1A-42F4-BD55-32803201B4D1}.Debug|Any CPU.Build.0 = Debug|Any CPU
		{FE5AE569-8F1A-42F4-BD55-32803201B4D1}.Release|Any CPU.ActiveCfg = Release|Any CPU
		{FE5AE569-8F1A-42F4-BD55-32803201B4D1}.Release|Any CPU.Build.0 = Release|Any CPU
	EndGlobalSection
	GlobalSection(SolutionProperties) = preSolution
		HideSolutionNode = FALSE
	EndGlobalSection
	GlobalSection(ExtensibilityGlobals) = postSolution
		SolutionGuid = {1592A7BD-30AC-4554-A31D-09388283F3BD}
	EndGlobalSection
EndGlobal
