
Microsoft Visual Studio Solution File, Format Version 12.00
# Visual Studio Version 17
VisualStudioVersion = 17.4.33122.133
MinimumVisualStudioVersion = 10.0.40219.1
Project("{9A19103F-16F7-4668-BE54-9A1E7A4F7556}") = "Day1", "Day1\Day1.csproj", "{01139F99-6F4B-45D2-8BA3-C66EDC1689E5}"
EndProject
Project("{9A19103F-16F7-4668-BE54-9A1E7A4F7556}") = "Day2", "Day2\Day2.csproj", "{AB8273CC-2C7E-4962-9CA6-E7234566B72B}"
EndProject
Project("{9A19103F-16F7-4668-BE54-9A1E7A4F7556}") = "Day3-1", "Day3-1\Day3-1.csproj", "{75DE93EE-6245-4DF8-90EE-A4E779A5B9E8}"
EndProject
Project("{9A19103F-16F7-4668-BE54-9A1E7A4F7556}") = "Day3-2", "Day3-2\Day3-2.csproj", "{D0E90C55-2122-4F6B-B30A-7981C2E59C41}"
EndProject
Project("{9A19103F-16F7-4668-BE54-9A1E7A4F7556}") = "Day4-1", "Day4-1\Day4-1.csproj", "{707F866B-603F-41BF-AB81-6FAFEFFA5B03}"
EndProject
Project("{9A19103F-16F7-4668-BE54-9A1E7A4F7556}") = "Day4-2", "Day4-2\Day4-2.csproj", "{81648340-0F35-4727-BF3F-A6D351ADC204}"
EndProject
Project("{9A19103F-16F7-4668-BE54-9A1E7A4F7556}") = "Day5-1", "Day5-1\Day5-1.csproj", "{F95F419A-8D2B-4804-9BF7-D538277FA63C}"
EndProject
Project("{9A19103F-16F7-4668-BE54-9A1E7A4F7556}") = "Day5-2", "Day5-2\Day5-2.csproj", "{F768D609-863C-4294-B798-449DE1F5D515}"
EndProject
Project("{9A19103F-16F7-4668-BE54-9A1E7A4F7556}") = "Day6-1", "Day6-1\Day6-1.csproj", "{7A5D10F0-65FE-42A0-B98A-7A1901FECC22}"
EndProject
Project("{9A19103F-16F7-4668-BE54-9A1E7A4F7556}") = "Day6-2", "Day6-2\Day6-2.csproj", "{FE5AE569-8F1A-42F4-BD55-32803201B4D1}"
EndProject
Project("{9A19103F-16F7-4668-BE54-9A1E7A4F7556}") = "Day7-1", "Day7-1\Day7-1.csproj", "{13B692CA-95F3-4502-AF00-40CB04BFC198}"
EndProject
Project("{9A19103F-16F7-4668-BE54-9A1E7A4F7556}") = "Day7-2", "Day7-2\Day7-2.csproj", "{DCB740AE-7CB6-471F-BA07-8E768EED8A88}"
EndProject
Project("{9A19103F-16F7-4668-BE54-9A1E7A4F7556}") = "Day8-1", "Day8-1\Day8-1.csproj", "{5AD724DB-6E65-4B26-95F7-82837BB14DE9}"
EndProject
Project("{9A19103F-16F7-4668-BE54-9A1E7A4F7556}") = "Day8-2", "Day8-2\Day8-2.csproj", "{B659ED36-4620-45C5-8CA0-0731771D1B99}"
EndProject
Project("{9A19103F-16F7-4668-BE54-9A1E7A4F7556}") = "Day9-1", "Day9-1\Day9-1.csproj", "{707F4364-663E-4E08-AF8F-456D2D933978}"
EndProject
Project("{9A19103F-16F7-4668-BE54-9A1E7A4F7556}") = "Day10-1", "Day10-1\Day10-1.csproj", "{F0C18CAF-1F85-4423-BB7B-95B3C8E5BE67}"
EndProject
Project("{9A19103F-16F7-4668-BE54-9A1E7A4F7556}") = "Day11-1", "Day11-1\Day11-1.csproj", "{9AB5CF71-1E16-4D65-A79F-635DECE37C09}"
EndProject
Project("{9A19103F-16F7-4668-BE54-9A1E7A4F7556}") = "Day21-1", "Day21-1\Day21-1.csproj", "{B1E3A8F0-C6D1-4BEB-A055-4948F24C0C33}"
EndProject
Project("{9A19103F-16F7-4668-BE54-9A1E7A4F7556}") = "Day21-2", "Day21-2\Day21-2.csproj", "{CF4B23E1-C73A-4070-8E51-DB32D1846BCA}"
EndProject
Project("{9A19103F-16F7-4668-BE54-9A1E7A4F7556}") = "Day12-1", "Day12-1\Day12-1.csproj", "{CA9E178F-AEE4-41C7-9669-37958FC6C994}"
EndProject
Project("{9A19103F-16F7-4668-BE54-9A1E7A4F7556}") = "Day12-2", "Day12-2\Day12-2.csproj", "{E7ECE107-389A-4C95-9473-C82560FF3E15}"
EndProject
Project("{9A19103F-16F7-4668-BE54-9A1E7A4F7556}") = "Day13-1", "Day13-1\Day13-1.csproj", "{0F87519E-05E3-4776-B97F-123D3774905B}"
EndProject
Project("{9A19103F-16F7-4668-BE54-9A1E7A4F7556}") = "Day13-2", "Day13-2\Day13-2.csproj", "{44A37A14-3B1F-46EF-B7DC-3174D7765EA8}"
EndProject
Project("{9A19103F-16F7-4668-BE54-9A1E7A4F7556}") = "Day14-1", "Day14-1\Day14-1.csproj", "{F55E5FF8-598D-4B1A-8EDB-9E816FD48DCE}"
EndProject
Project("{9A19103F-16F7-4668-BE54-9A1E7A4F7556}") = "Day14-2", "Day14-2\Day14-2.csproj", "{6EF2205D-F2EC-4E95-B384-54541DCD1A38}"
EndProject
Project("{9A19103F-16F7-4668-BE54-9A1E7A4F7556}") = "Day15-1", "Day15-1\Day15-1.csproj", "{9A781E4A-998C-450A-B5C8-A05E8D009CB6}"
EndProject
Project("{9A19103F-16F7-4668-BE54-9A1E7A4F7556}") = "Day15-2", "Day15-2\Day15-2.csproj", "{FDB300A1-B13D-4DAE-A522-FDD4647360CD}"
EndProject
Project("{9A19103F-16F7-4668-BE54-9A1E7A4F7556}") = "Day16-1", "Day16-1\Day16-1.csproj", "{D9CEF60F-2A57-4CCB-8A18-79272DD504C4}"
EndProject
Project("{9A19103F-16F7-4668-BE54-9A1E7A4F7556}") = "Day17-1", "Day17-1\Day17-1.csproj", "{9535754B-CF7C-4750-8824-F33B780A5382}"
EndProject
Project("{9A19103F-16F7-4668-BE54-9A1E7A4F7556}") = "Day18-1", "Day18-1\Day18-1.csproj", "{BA76EA94-B5A9-4075-9D0F-7C146F975A72}"
EndProject
Project("{9A19103F-16F7-4668-BE54-9A1E7A4F7556}") = "Day18-2", "Day18-2\Day18-2.csproj", "{15CC9853-0A6C-41B5-9841-99C5E6C96921}"
EndProject
Project("{9A19103F-16F7-4668-BE54-9A1E7A4F7556}") = "Day19-1", "Day19-1\Day19-1.csproj", "{84506F6A-4231-4A3E-8844-8AE5364337DA}"
EndProject
Project("{9A19103F-16F7-4668-BE54-9A1E7A4F7556}") = "Day19-2", "Day19-2\Day19-2.csproj", "{F2DEE109-60B2-4AD0-A2C1-79D4E3E32083}"
EndProject
Project("{9A19103F-16F7-4668-BE54-9A1E7A4F7556}") = "Day20-1", "Day20-1\Day20-1.csproj", "{A04BB2F9-7DB2-4B41-B703-8316CE171C28}"
EndProject
Project("{9A19103F-16F7-4668-BE54-9A1E7A4F7556}") = "Day20-2", "Day20-2\Day20-2.csproj", "{32EB999A-5D86-4053-9F96-2EF8E9413AE7}"
EndProject
Project("{FAE04EC0-301F-11D3-BF4B-00C04F79EFBC}") = "Day22-1", "Day22-1\Day22-1.csproj", "{88664167-8070-4470-970A-232D4410CF32}"
EndProject
Project("{FAE04EC0-301F-11D3-BF4B-00C04F79EFBC}") = "Day22-2", "Day22-2\Day22-2.csproj", "{0FE0B6C8-6424-4F59-9E92-B2E3D27BCAAD}"
EndProject
Project("{FAE04EC0-301F-11D3-BF4B-00C04F79EFBC}") = "Day23-1", "Day23-1\Day23-1.csproj", "{75C74719-83D6-4920-B2C5-F486BE18113D}"
EndProject
Project("{FAE04EC0-301F-11D3-BF4B-00C04F79EFBC}") = "Day24-1", "Day24-1\Day24-1.csproj", "{83F00741-885A-45DF-BA2E-55D7F9E3E0C7}"
EndProject
Global
	GlobalSection(SolutionConfigurationPlatforms) = preSolution
		Debug|Any CPU = Debug|Any CPU
		Release|Any CPU = Release|Any CPU
	EndGlobalSection
	GlobalSection(ProjectConfigurationPlatforms) = postSolution
		{01139F99-6F4B-45D2-8BA3-C66EDC1689E5}.Debug|Any CPU.ActiveCfg = Debug|Any CPU
		{01139F99-6F4B-45D2-8BA3-C66EDC1689E5}.Debug|Any CPU.Build.0 = Debug|Any CPU
		{01139F99-6F4B-45D2-8BA3-C66EDC1689E5}.Release|Any CPU.ActiveCfg = Release|Any CPU
		{01139F99-6F4B-45D2-8BA3-C66EDC1689E5}.Release|Any CPU.Build.0 = Release|Any CPU
		{AB8273CC-2C7E-4962-9CA6-E7234566B72B}.Debug|Any CPU.ActiveCfg = Debug|Any CPU
		{AB8273CC-2C7E-4962-9CA6-E7234566B72B}.Debug|Any CPU.Build.0 = Debug|Any CPU
		{AB8273CC-2C7E-4962-9CA6-E7234566B72B}.Release|Any CPU.ActiveCfg = Release|Any CPU
		{AB8273CC-2C7E-4962-9CA6-E7234566B72B}.Release|Any CPU.Build.0 = Release|Any CPU
		{75DE93EE-6245-4DF8-90EE-A4E779A5B9E8}.Debug|Any CPU.ActiveCfg = Debug|Any CPU
		{75DE93EE-6245-4DF8-90EE-A4E779A5B9E8}.Debug|Any CPU.Build.0 = Debug|Any CPU
		{75DE93EE-6245-4DF8-90EE-A4E779A5B9E8}.Release|Any CPU.ActiveCfg = Release|Any CPU
		{75DE93EE-6245-4DF8-90EE-A4E779A5B9E8}.Release|Any CPU.Build.0 = Release|Any CPU
		{D0E90C55-2122-4F6B-B30A-7981C2E59C41}.Debug|Any CPU.ActiveCfg = Debug|Any CPU
		{D0E90C55-2122-4F6B-B30A-7981C2E59C41}.Debug|Any CPU.Build.0 = Debug|Any CPU
		{D0E90C55-2122-4F6B-B30A-7981C2E59C41}.Release|Any CPU.ActiveCfg = Release|Any CPU
		{D0E90C55-2122-4F6B-B30A-7981C2E59C41}.Release|Any CPU.Build.0 = Release|Any CPU
		{707F866B-603F-41BF-AB81-6FAFEFFA5B03}.Debug|Any CPU.ActiveCfg = Debug|Any CPU
		{707F866B-603F-41BF-AB81-6FAFEFFA5B03}.Debug|Any CPU.Build.0 = Debug|Any CPU
		{707F866B-603F-41BF-AB81-6FAFEFFA5B03}.Release|Any CPU.ActiveCfg = Release|Any CPU
		{707F866B-603F-41BF-AB81-6FAFEFFA5B03}.Release|Any CPU.Build.0 = Release|Any CPU
		{81648340-0F35-4727-BF3F-A6D351ADC204}.Debug|Any CPU.ActiveCfg = Debug|Any CPU
		{81648340-0F35-4727-BF3F-A6D351ADC204}.Debug|Any CPU.Build.0 = Debug|Any CPU
		{81648340-0F35-4727-BF3F-A6D351ADC204}.Release|Any CPU.ActiveCfg = Release|Any CPU
		{81648340-0F35-4727-BF3F-A6D351ADC204}.Release|Any CPU.Build.0 = Release|Any CPU
		{F95F419A-8D2B-4804-9BF7-D538277FA63C}.Debug|Any CPU.ActiveCfg = Debug|Any CPU
		{F95F419A-8D2B-4804-9BF7-D538277FA63C}.Debug|Any CPU.Build.0 = Debug|Any CPU
		{F95F419A-8D2B-4804-9BF7-D538277FA63C}.Release|Any CPU.ActiveCfg = Release|Any CPU
		{F95F419A-8D2B-4804-9BF7-D538277FA63C}.Release|Any CPU.Build.0 = Release|Any CPU
		{F768D609-863C-4294-B798-449DE1F5D515}.Debug|Any CPU.ActiveCfg = Debug|Any CPU
		{F768D609-863C-4294-B798-449DE1F5D515}.Debug|Any CPU.Build.0 = Debug|Any CPU
		{F768D609-863C-4294-B798-449DE1F5D515}.Release|Any CPU.ActiveCfg = Release|Any CPU
		{F768D609-863C-4294-B798-449DE1F5D515}.Release|Any CPU.Build.0 = Release|Any CPU
		{7A5D10F0-65FE-42A0-B98A-7A1901FECC22}.Debug|Any CPU.ActiveCfg = Debug|Any CPU
		{7A5D10F0-65FE-42A0-B98A-7A1901FECC22}.Debug|Any CPU.Build.0 = Debug|Any CPU
		{7A5D10F0-65FE-42A0-B98A-7A1901FECC22}.Release|Any CPU.ActiveCfg = Release|Any CPU
		{7A5D10F0-65FE-42A0-B98A-7A1901FECC22}.Release|Any CPU.Build.0 = Release|Any CPU
		{FE5AE569-8F1A-42F4-BD55-32803201B4D1}.Debug|Any CPU.ActiveCfg = Debug|Any CPU
		{FE5AE569-8F1A-42F4-BD55-32803201B4D1}.Debug|Any CPU.Build.0 = Debug|Any CPU
		{FE5AE569-8F1A-42F4-BD55-32803201B4D1}.Release|Any CPU.ActiveCfg = Release|Any CPU
		{FE5AE569-8F1A-42F4-BD55-32803201B4D1}.Release|Any CPU.Build.0 = Release|Any CPU
		{13B692CA-95F3-4502-AF00-40CB04BFC198}.Debug|Any CPU.ActiveCfg = Debug|Any CPU
		{13B692CA-95F3-4502-AF00-40CB04BFC198}.Debug|Any CPU.Build.0 = Debug|Any CPU
		{13B692CA-95F3-4502-AF00-40CB04BFC198}.Release|Any CPU.ActiveCfg = Release|Any CPU
		{13B692CA-95F3-4502-AF00-40CB04BFC198}.Release|Any CPU.Build.0 = Release|Any CPU
		{DCB740AE-7CB6-471F-BA07-8E768EED8A88}.Debug|Any CPU.ActiveCfg = Debug|Any CPU
		{DCB740AE-7CB6-471F-BA07-8E768EED8A88}.Debug|Any CPU.Build.0 = Debug|Any CPU
		{DCB740AE-7CB6-471F-BA07-8E768EED8A88}.Release|Any CPU.ActiveCfg = Release|Any CPU
		{DCB740AE-7CB6-471F-BA07-8E768EED8A88}.Release|Any CPU.Build.0 = Release|Any CPU
		{5AD724DB-6E65-4B26-95F7-82837BB14DE9}.Debug|Any CPU.ActiveCfg = Debug|Any CPU
		{5AD724DB-6E65-4B26-95F7-82837BB14DE9}.Debug|Any CPU.Build.0 = Debug|Any CPU
		{5AD724DB-6E65-4B26-95F7-82837BB14DE9}.Release|Any CPU.ActiveCfg = Release|Any CPU
		{5AD724DB-6E65-4B26-95F7-82837BB14DE9}.Release|Any CPU.Build.0 = Release|Any CPU
		{B659ED36-4620-45C5-8CA0-0731771D1B99}.Debug|Any CPU.ActiveCfg = Debug|Any CPU
		{B659ED36-4620-45C5-8CA0-0731771D1B99}.Debug|Any CPU.Build.0 = Debug|Any CPU
		{B659ED36-4620-45C5-8CA0-0731771D1B99}.Release|Any CPU.ActiveCfg = Release|Any CPU
		{B659ED36-4620-45C5-8CA0-0731771D1B99}.Release|Any CPU.Build.0 = Release|Any CPU
		{707F4364-663E-4E08-AF8F-456D2D933978}.Debug|Any CPU.ActiveCfg = Debug|Any CPU
		{707F4364-663E-4E08-AF8F-456D2D933978}.Debug|Any CPU.Build.0 = Debug|Any CPU
		{707F4364-663E-4E08-AF8F-456D2D933978}.Release|Any CPU.ActiveCfg = Release|Any CPU
		{707F4364-663E-4E08-AF8F-456D2D933978}.Release|Any CPU.Build.0 = Release|Any CPU
		{F0C18CAF-1F85-4423-BB7B-95B3C8E5BE67}.Debug|Any CPU.ActiveCfg = Debug|Any CPU
		{F0C18CAF-1F85-4423-BB7B-95B3C8E5BE67}.Debug|Any CPU.Build.0 = Debug|Any CPU
		{F0C18CAF-1F85-4423-BB7B-95B3C8E5BE67}.Release|Any CPU.ActiveCfg = Release|Any CPU
		{F0C18CAF-1F85-4423-BB7B-95B3C8E5BE67}.Release|Any CPU.Build.0 = Release|Any CPU
		{9AB5CF71-1E16-4D65-A79F-635DECE37C09}.Debug|Any CPU.ActiveCfg = Debug|Any CPU
		{9AB5CF71-1E16-4D65-A79F-635DECE37C09}.Debug|Any CPU.Build.0 = Debug|Any CPU
		{9AB5CF71-1E16-4D65-A79F-635DECE37C09}.Release|Any CPU.ActiveCfg = Release|Any CPU
		{9AB5CF71-1E16-4D65-A79F-635DECE37C09}.Release|Any CPU.Build.0 = Release|Any CPU
		{B1E3A8F0-C6D1-4BEB-A055-4948F24C0C33}.Debug|Any CPU.ActiveCfg = Debug|Any CPU
		{B1E3A8F0-C6D1-4BEB-A055-4948F24C0C33}.Debug|Any CPU.Build.0 = Debug|Any CPU
		{B1E3A8F0-C6D1-4BEB-A055-4948F24C0C33}.Release|Any CPU.ActiveCfg = Release|Any CPU
		{B1E3A8F0-C6D1-4BEB-A055-4948F24C0C33}.Release|Any CPU.Build.0 = Release|Any CPU
		{CF4B23E1-C73A-4070-8E51-DB32D1846BCA}.Debug|Any CPU.ActiveCfg = Debug|Any CPU
		{CF4B23E1-C73A-4070-8E51-DB32D1846BCA}.Debug|Any CPU.Build.0 = Debug|Any CPU
		{CF4B23E1-C73A-4070-8E51-DB32D1846BCA}.Release|Any CPU.ActiveCfg = Release|Any CPU
		{CF4B23E1-C73A-4070-8E51-DB32D1846BCA}.Release|Any CPU.Build.0 = Release|Any CPU
		{CA9E178F-AEE4-41C7-9669-37958FC6C994}.Debug|Any CPU.ActiveCfg = Debug|Any CPU
		{CA9E178F-AEE4-41C7-9669-37958FC6C994}.Debug|Any CPU.Build.0 = Debug|Any CPU
		{CA9E178F-AEE4-41C7-9669-37958FC6C994}.Release|Any CPU.ActiveCfg = Release|Any CPU
		{CA9E178F-AEE4-41C7-9669-37958FC6C994}.Release|Any CPU.Build.0 = Release|Any CPU
		{E7ECE107-389A-4C95-9473-C82560FF3E15}.Debug|Any CPU.ActiveCfg = Debug|Any CPU
		{E7ECE107-389A-4C95-9473-C82560FF3E15}.Debug|Any CPU.Build.0 = Debug|Any CPU
		{E7ECE107-389A-4C95-9473-C82560FF3E15}.Release|Any CPU.ActiveCfg = Release|Any CPU
		{E7ECE107-389A-4C95-9473-C82560FF3E15}.Release|Any CPU.Build.0 = Release|Any CPU
		{0F87519E-05E3-4776-B97F-123D3774905B}.Debug|Any CPU.ActiveCfg = Debug|Any CPU
		{0F87519E-05E3-4776-B97F-123D3774905B}.Debug|Any CPU.Build.0 = Debug|Any CPU
		{0F87519E-05E3-4776-B97F-123D3774905B}.Release|Any CPU.ActiveCfg = Release|Any CPU
		{0F87519E-05E3-4776-B97F-123D3774905B}.Release|Any CPU.Build.0 = Release|Any CPU
		{44A37A14-3B1F-46EF-B7DC-3174D7765EA8}.Debug|Any CPU.ActiveCfg = Debug|Any CPU
		{44A37A14-3B1F-46EF-B7DC-3174D7765EA8}.Debug|Any CPU.Build.0 = Debug|Any CPU
		{44A37A14-3B1F-46EF-B7DC-3174D7765EA8}.Release|Any CPU.ActiveCfg = Release|Any CPU
		{44A37A14-3B1F-46EF-B7DC-3174D7765EA8}.Release|Any CPU.Build.0 = Release|Any CPU
		{F55E5FF8-598D-4B1A-8EDB-9E816FD48DCE}.Debug|Any CPU.ActiveCfg = Debug|Any CPU
		{F55E5FF8-598D-4B1A-8EDB-9E816FD48DCE}.Debug|Any CPU.Build.0 = Debug|Any CPU
		{F55E5FF8-598D-4B1A-8EDB-9E816FD48DCE}.Release|Any CPU.ActiveCfg = Release|Any CPU
		{F55E5FF8-598D-4B1A-8EDB-9E816FD48DCE}.Release|Any CPU.Build.0 = Release|Any CPU
		{6EF2205D-F2EC-4E95-B384-54541DCD1A38}.Debug|Any CPU.ActiveCfg = Debug|Any CPU
		{6EF2205D-F2EC-4E95-B384-54541DCD1A38}.Debug|Any CPU.Build.0 = Debug|Any CPU
		{6EF2205D-F2EC-4E95-B384-54541DCD1A38}.Release|Any CPU.ActiveCfg = Release|Any CPU
		{6EF2205D-F2EC-4E95-B384-54541DCD1A38}.Release|Any CPU.Build.0 = Release|Any CPU
		{9A781E4A-998C-450A-B5C8-A05E8D009CB6}.Debug|Any CPU.ActiveCfg = Debug|Any CPU
		{9A781E4A-998C-450A-B5C8-A05E8D009CB6}.Debug|Any CPU.Build.0 = Debug|Any CPU
		{9A781E4A-998C-450A-B5C8-A05E8D009CB6}.Release|Any CPU.ActiveCfg = Release|Any CPU
		{9A781E4A-998C-450A-B5C8-A05E8D009CB6}.Release|Any CPU.Build.0 = Release|Any CPU
		{FDB300A1-B13D-4DAE-A522-FDD4647360CD}.Debug|Any CPU.ActiveCfg = Debug|Any CPU
		{FDB300A1-B13D-4DAE-A522-FDD4647360CD}.Debug|Any CPU.Build.0 = Debug|Any CPU
		{FDB300A1-B13D-4DAE-A522-FDD4647360CD}.Release|Any CPU.ActiveCfg = Release|Any CPU
		{FDB300A1-B13D-4DAE-A522-FDD4647360CD}.Release|Any CPU.Build.0 = Release|Any CPU
		{D9CEF60F-2A57-4CCB-8A18-79272DD504C4}.Debug|Any CPU.ActiveCfg = Debug|Any CPU
		{D9CEF60F-2A57-4CCB-8A18-79272DD504C4}.Debug|Any CPU.Build.0 = Debug|Any CPU
		{D9CEF60F-2A57-4CCB-8A18-79272DD504C4}.Release|Any CPU.ActiveCfg = Release|Any CPU
		{D9CEF60F-2A57-4CCB-8A18-79272DD504C4}.Release|Any CPU.Build.0 = Release|Any CPU
		{9535754B-CF7C-4750-8824-F33B780A5382}.Debug|Any CPU.ActiveCfg = Debug|Any CPU
		{9535754B-CF7C-4750-8824-F33B780A5382}.Debug|Any CPU.Build.0 = Debug|Any CPU
		{9535754B-CF7C-4750-8824-F33B780A5382}.Release|Any CPU.ActiveCfg = Release|Any CPU
		{9535754B-CF7C-4750-8824-F33B780A5382}.Release|Any CPU.Build.0 = Release|Any CPU
		{BA76EA94-B5A9-4075-9D0F-7C146F975A72}.Debug|Any CPU.ActiveCfg = Debug|Any CPU
		{BA76EA94-B5A9-4075-9D0F-7C146F975A72}.Debug|Any CPU.Build.0 = Debug|Any CPU
		{BA76EA94-B5A9-4075-9D0F-7C146F975A72}.Release|Any CPU.ActiveCfg = Release|Any CPU
		{BA76EA94-B5A9-4075-9D0F-7C146F975A72}.Release|Any CPU.Build.0 = Release|Any CPU
		{15CC9853-0A6C-41B5-9841-99C5E6C96921}.Debug|Any CPU.ActiveCfg = Debug|Any CPU
		{15CC9853-0A6C-41B5-9841-99C5E6C96921}.Debug|Any CPU.Build.0 = Debug|Any CPU
		{15CC9853-0A6C-41B5-9841-99C5E6C96921}.Release|Any CPU.ActiveCfg = Release|Any CPU
		{15CC9853-0A6C-41B5-9841-99C5E6C96921}.Release|Any CPU.Build.0 = Release|Any CPU
		{84506F6A-4231-4A3E-8844-8AE5364337DA}.Debug|Any CPU.ActiveCfg = Debug|Any CPU
		{84506F6A-4231-4A3E-8844-8AE5364337DA}.Debug|Any CPU.Build.0 = Debug|Any CPU
		{84506F6A-4231-4A3E-8844-8AE5364337DA}.Release|Any CPU.ActiveCfg = Release|Any CPU
		{84506F6A-4231-4A3E-8844-8AE5364337DA}.Release|Any CPU.Build.0 = Release|Any CPU
		{F2DEE109-60B2-4AD0-A2C1-79D4E3E32083}.Debug|Any CPU.ActiveCfg = Debug|Any CPU
		{F2DEE109-60B2-4AD0-A2C1-79D4E3E32083}.Debug|Any CPU.Build.0 = Debug|Any CPU
		{F2DEE109-60B2-4AD0-A2C1-79D4E3E32083}.Release|Any CPU.ActiveCfg = Release|Any CPU
		{F2DEE109-60B2-4AD0-A2C1-79D4E3E32083}.Release|Any CPU.Build.0 = Release|Any CPU
		{A04BB2F9-7DB2-4B41-B703-8316CE171C28}.Debug|Any CPU.ActiveCfg = Debug|Any CPU
		{A04BB2F9-7DB2-4B41-B703-8316CE171C28}.Debug|Any CPU.Build.0 = Debug|Any CPU
		{A04BB2F9-7DB2-4B41-B703-8316CE171C28}.Release|Any CPU.ActiveCfg = Release|Any CPU
		{A04BB2F9-7DB2-4B41-B703-8316CE171C28}.Release|Any CPU.Build.0 = Release|Any CPU
		{32EB999A-5D86-4053-9F96-2EF8E9413AE7}.Debug|Any CPU.ActiveCfg = Debug|Any CPU
		{32EB999A-5D86-4053-9F96-2EF8E9413AE7}.Debug|Any CPU.Build.0 = Debug|Any CPU
		{32EB999A-5D86-4053-9F96-2EF8E9413AE7}.Release|Any CPU.ActiveCfg = Release|Any CPU
		{32EB999A-5D86-4053-9F96-2EF8E9413AE7}.Release|Any CPU.Build.0 = Release|Any CPU
		{88664167-8070-4470-970A-232D4410CF32}.Debug|Any CPU.ActiveCfg = Debug|Any CPU
		{88664167-8070-4470-970A-232D4410CF32}.Debug|Any CPU.Build.0 = Debug|Any CPU
		{88664167-8070-4470-970A-232D4410CF32}.Release|Any CPU.ActiveCfg = Release|Any CPU
		{88664167-8070-4470-970A-232D4410CF32}.Release|Any CPU.Build.0 = Release|Any CPU
		{0FE0B6C8-6424-4F59-9E92-B2E3D27BCAAD}.Debug|Any CPU.ActiveCfg = Debug|Any CPU
		{0FE0B6C8-6424-4F59-9E92-B2E3D27BCAAD}.Debug|Any CPU.Build.0 = Debug|Any CPU
		{0FE0B6C8-6424-4F59-9E92-B2E3D27BCAAD}.Release|Any CPU.ActiveCfg = Release|Any CPU
		{0FE0B6C8-6424-4F59-9E92-B2E3D27BCAAD}.Release|Any CPU.Build.0 = Release|Any CPU
		{75C74719-83D6-4920-B2C5-F486BE18113D}.Debug|Any CPU.ActiveCfg = Debug|Any CPU
		{75C74719-83D6-4920-B2C5-F486BE18113D}.Debug|Any CPU.Build.0 = Debug|Any CPU
		{75C74719-83D6-4920-B2C5-F486BE18113D}.Release|Any CPU.ActiveCfg = Release|Any CPU
		{75C74719-83D6-4920-B2C5-F486BE18113D}.Release|Any CPU.Build.0 = Release|Any CPU
		{83F00741-885A-45DF-BA2E-55D7F9E3E0C7}.Debug|Any CPU.ActiveCfg = Debug|Any CPU
		{83F00741-885A-45DF-BA2E-55D7F9E3E0C7}.Debug|Any CPU.Build.0 = Debug|Any CPU
		{83F00741-885A-45DF-BA2E-55D7F9E3E0C7}.Release|Any CPU.ActiveCfg = Release|Any CPU
		{83F00741-885A-45DF-BA2E-55D7F9E3E0C7}.Release|Any CPU.Build.0 = Release|Any CPU
	EndGlobalSection
	GlobalSection(SolutionProperties) = preSolution
		HideSolutionNode = FALSE
	EndGlobalSection
	GlobalSection(ExtensibilityGlobals) = postSolution
		SolutionGuid = {1592A7BD-30AC-4554-A31D-09388283F3BD}
	EndGlobalSection
EndGlobal
