
Microsoft Visual Studio Solution File, Format Version 12.00
# Visual Studio Version 17
VisualStudioVersion = 17.4.33205.214
MinimumVisualStudioVersion = 10.0.40219.1
Project("{9A19103F-16F7-4668-BE54-9A1E7A4F7556}") = "Day1-1", "Day1-1\Day1-1.csproj", "{384C4FA2-E23B-4C1D-B69A-DFF11BFB93A3}"
EndProject
Project("{9A19103F-16F7-4668-BE54-9A1E7A4F7556}") = "Day1-2", "Day1-2\Day1-2.csproj", "{4CDF5224-9E9B-4D0F-BCE3-F8C0FF9AA6A3}"
EndProject
Project("{9A19103F-16F7-4668-BE54-9A1E7A4F7556}") = "Day2-1", "Day2-1\Day2-1.csproj", "{BF07EEF0-CB91-4AC6-B412-40D69F0AF5AF}"
EndProject
Project("{9A19103F-16F7-4668-BE54-9A1E7A4F7556}") = "Day2-2", "Day2-2\Day2-2.csproj", "{9C1C1C96-04C4-4141-84B6-E7A4560AC301}"
EndProject
Project("{9A19103F-16F7-4668-BE54-9A1E7A4F7556}") = "Day3-1", "Day3-1\Day3-1.csproj", "{2FCE3BE6-321B-46F8-93D3-116A59FF6772}"
EndProject
Project("{9A19103F-16F7-4668-BE54-9A1E7A4F7556}") = "Day3-2", "Day3-2\Day3-2.csproj", "{A72E487E-1BE0-42A7-B893-05E4B2D19D37}"
EndProject
Project("{FAE04EC0-301F-11D3-BF4B-00C04F79EFBC}") = "Day4-1", "Day4-1\Day4-1.csproj", "{9EE4ABF7-C189-4071-A0D7-F0D72F878C86}"
EndProject
Project("{FAE04EC0-301F-11D3-BF4B-00C04F79EFBC}") = "Day4-2", "Day4-2\Day4-2.csproj", "{2558C910-34F5-4A1C-AFE0-BCC71EF33566}"
EndProject
Project("{FAE04EC0-301F-11D3-BF4B-00C04F79EFBC}") = "Day5-1", "Day5-1\Day5-1.csproj", "{9D050C37-057A-4F72-B2C0-A32756C979E6}"
EndProject
Project("{FAE04EC0-301F-11D3-BF4B-00C04F79EFBC}") = "Day5-2", "Day5-2\Day5-2.csproj", "{627D26AA-9C53-4868-9759-5D08FFE39019}"
EndProject
Project("{FAE04EC0-301F-11D3-BF4B-00C04F79EFBC}") = "Day6-1", "Day6-1\Day6-1.csproj", "{65914ABC-429F-447B-B7AE-93A649FFBC87}"
EndProject
Project("{FAE04EC0-301F-11D3-BF4B-00C04F79EFBC}") = "Day6-2", "Day6-2\Day6-2.csproj", "{BFD05DC5-BCA6-4A54-8196-4AB4C6F6C11B}"
EndProject
Project("{FAE04EC0-301F-11D3-BF4B-00C04F79EFBC}") = "Day7-2", "Day7-2\Day7-2.csproj", "{7F430430-F947-4790-A9C6-4776EEB826D3}"
EndProject
Project("{FAE04EC0-301F-11D3-BF4B-00C04F79EFBC}") = "Day7-1", "Day7-1\Day7-1.csproj", "{A521BBF0-0889-4F89-9CE8-D392E3AE8C29}"
EndProject
Project("{FAE04EC0-301F-11D3-BF4B-00C04F79EFBC}") = "Day8-1", "Day8-1\Day8-1.csproj", "{70B0FB89-E050-448F-8439-F5094A7E0666}"
EndProject
Global
	GlobalSection(SolutionConfigurationPlatforms) = preSolution
		Debug|Any CPU = Debug|Any CPU
		Release|Any CPU = Release|Any CPU
	EndGlobalSection
	GlobalSection(ProjectConfigurationPlatforms) = postSolution
		{384C4FA2-E23B-4C1D-B69A-DFF11BFB93A3}.Debug|Any CPU.ActiveCfg = Debug|Any CPU
		{384C4FA2-E23B-4C1D-B69A-DFF11BFB93A3}.Debug|Any CPU.Build.0 = Debug|Any CPU
		{384C4FA2-E23B-4C1D-B69A-DFF11BFB93A3}.Release|Any CPU.ActiveCfg = Release|Any CPU
		{384C4FA2-E23B-4C1D-B69A-DFF11BFB93A3}.Release|Any CPU.Build.0 = Release|Any CPU
		{4CDF5224-9E9B-4D0F-BCE3-F8C0FF9AA6A3}.Debug|Any CPU.ActiveCfg = Debug|Any CPU
		{4CDF5224-9E9B-4D0F-BCE3-F8C0FF9AA6A3}.Debug|Any CPU.Build.0 = Debug|Any CPU
		{4CDF5224-9E9B-4D0F-BCE3-F8C0FF9AA6A3}.Release|Any CPU.ActiveCfg = Release|Any CPU
		{4CDF5224-9E9B-4D0F-BCE3-F8C0FF9AA6A3}.Release|Any CPU.Build.0 = Release|Any CPU
		{BF07EEF0-CB91-4AC6-B412-40D69F0AF5AF}.Debug|Any CPU.ActiveCfg = Debug|Any CPU
		{BF07EEF0-CB91-4AC6-B412-40D69F0AF5AF}.Debug|Any CPU.Build.0 = Debug|Any CPU
		{BF07EEF0-CB91-4AC6-B412-40D69F0AF5AF}.Release|Any CPU.ActiveCfg = Release|Any CPU
		{BF07EEF0-CB91-4AC6-B412-40D69F0AF5AF}.Release|Any CPU.Build.0 = Release|Any CPU
		{9C1C1C96-04C4-4141-84B6-E7A4560AC301}.Debug|Any CPU.ActiveCfg = Debug|Any CPU
		{9C1C1C96-04C4-4141-84B6-E7A4560AC301}.Debug|Any CPU.Build.0 = Debug|Any CPU
		{9C1C1C96-04C4-4141-84B6-E7A4560AC301}.Release|Any CPU.ActiveCfg = Release|Any CPU
		{9C1C1C96-04C4-4141-84B6-E7A4560AC301}.Release|Any CPU.Build.0 = Release|Any CPU
		{2FCE3BE6-321B-46F8-93D3-116A59FF6772}.Debug|Any CPU.ActiveCfg = Debug|Any CPU
		{2FCE3BE6-321B-46F8-93D3-116A59FF6772}.Debug|Any CPU.Build.0 = Debug|Any CPU
		{2FCE3BE6-321B-46F8-93D3-116A59FF6772}.Release|Any CPU.ActiveCfg = Release|Any CPU
		{2FCE3BE6-321B-46F8-93D3-116A59FF6772}.Release|Any CPU.Build.0 = Release|Any CPU
		{A72E487E-1BE0-42A7-B893-05E4B2D19D37}.Debug|Any CPU.ActiveCfg = Debug|Any CPU
		{A72E487E-1BE0-42A7-B893-05E4B2D19D37}.Debug|Any CPU.Build.0 = Debug|Any CPU
		{A72E487E-1BE0-42A7-B893-05E4B2D19D37}.Release|Any CPU.ActiveCfg = Release|Any CPU
		{A72E487E-1BE0-42A7-B893-05E4B2D19D37}.Release|Any CPU.Build.0 = Release|Any CPU
		{9EE4ABF7-C189-4071-A0D7-F0D72F878C86}.Debug|Any CPU.ActiveCfg = Debug|Any CPU
		{9EE4ABF7-C189-4071-A0D7-F0D72F878C86}.Debug|Any CPU.Build.0 = Debug|Any CPU
		{9EE4ABF7-C189-4071-A0D7-F0D72F878C86}.Release|Any CPU.ActiveCfg = Release|Any CPU
		{9EE4ABF7-C189-4071-A0D7-F0D72F878C86}.Release|Any CPU.Build.0 = Release|Any CPU
		{2558C910-34F5-4A1C-AFE0-BCC71EF33566}.Debug|Any CPU.ActiveCfg = Debug|Any CPU
		{2558C910-34F5-4A1C-AFE0-BCC71EF33566}.Debug|Any CPU.Build.0 = Debug|Any CPU
		{2558C910-34F5-4A1C-AFE0-BCC71EF33566}.Release|Any CPU.ActiveCfg = Release|Any CPU
		{2558C910-34F5-4A1C-AFE0-BCC71EF33566}.Release|Any CPU.Build.0 = Release|Any CPU
		{9D050C37-057A-4F72-B2C0-A32756C979E6}.Debug|Any CPU.ActiveCfg = Debug|Any CPU
		{9D050C37-057A-4F72-B2C0-A32756C979E6}.Debug|Any CPU.Build.0 = Debug|Any CPU
		{9D050C37-057A-4F72-B2C0-A32756C979E6}.Release|Any CPU.ActiveCfg = Release|Any CPU
		{9D050C37-057A-4F72-B2C0-A32756C979E6}.Release|Any CPU.Build.0 = Release|Any CPU
		{627D26AA-9C53-4868-9759-5D08FFE39019}.Debug|Any CPU.ActiveCfg = Debug|Any CPU
		{627D26AA-9C53-4868-9759-5D08FFE39019}.Debug|Any CPU.Build.0 = Debug|Any CPU
		{627D26AA-9C53-4868-9759-5D08FFE39019}.Release|Any CPU.ActiveCfg = Release|Any CPU
		{627D26AA-9C53-4868-9759-5D08FFE39019}.Release|Any CPU.Build.0 = Release|Any CPU
		{65914ABC-429F-447B-B7AE-93A649FFBC87}.Debug|Any CPU.ActiveCfg = Debug|Any CPU
		{65914ABC-429F-447B-B7AE-93A649FFBC87}.Debug|Any CPU.Build.0 = Debug|Any CPU
		{65914ABC-429F-447B-B7AE-93A649FFBC87}.Release|Any CPU.ActiveCfg = Release|Any CPU
		{65914ABC-429F-447B-B7AE-93A649FFBC87}.Release|Any CPU.Build.0 = Release|Any CPU
		{BFD05DC5-BCA6-4A54-8196-4AB4C6F6C11B}.Debug|Any CPU.ActiveCfg = Debug|Any CPU
		{BFD05DC5-BCA6-4A54-8196-4AB4C6F6C11B}.Debug|Any CPU.Build.0 = Debug|Any CPU
		{BFD05DC5-BCA6-4A54-8196-4AB4C6F6C11B}.Release|Any CPU.ActiveCfg = Release|Any CPU
		{BFD05DC5-BCA6-4A54-8196-4AB4C6F6C11B}.Release|Any CPU.Build.0 = Release|Any CPU
		{7F430430-F947-4790-A9C6-4776EEB826D3}.Debug|Any CPU.ActiveCfg = Debug|Any CPU
		{7F430430-F947-4790-A9C6-4776EEB826D3}.Debug|Any CPU.Build.0 = Debug|Any CPU
		{7F430430-F947-4790-A9C6-4776EEB826D3}.Release|Any CPU.ActiveCfg = Release|Any CPU
		{7F430430-F947-4790-A9C6-4776EEB826D3}.Release|Any CPU.Build.0 = Release|Any CPU
		{A521BBF0-0889-4F89-9CE8-D392E3AE8C29}.Debug|Any CPU.ActiveCfg = Debug|Any CPU
		{A521BBF0-0889-4F89-9CE8-D392E3AE8C29}.Debug|Any CPU.Build.0 = Debug|Any CPU
		{A521BBF0-0889-4F89-9CE8-D392E3AE8C29}.Release|Any CPU.ActiveCfg = Release|Any CPU
		{A521BBF0-0889-4F89-9CE8-D392E3AE8C29}.Release|Any CPU.Build.0 = Release|Any CPU
		{70B0FB89-E050-448F-8439-F5094A7E0666}.Debug|Any CPU.ActiveCfg = Debug|Any CPU
		{70B0FB89-E050-448F-8439-F5094A7E0666}.Debug|Any CPU.Build.0 = Debug|Any CPU
		{70B0FB89-E050-448F-8439-F5094A7E0666}.Release|Any CPU.ActiveCfg = Release|Any CPU
		{70B0FB89-E050-448F-8439-F5094A7E0666}.Release|Any CPU.Build.0 = Release|Any CPU
	EndGlobalSection
	GlobalSection(SolutionProperties) = preSolution
		HideSolutionNode = FALSE
	EndGlobalSection
	GlobalSection(ExtensibilityGlobals) = postSolution
		SolutionGuid = {FB43DC33-0AA9-4A09-B325-1A4AC3D6E90E}
	EndGlobalSection
EndGlobal
