
Microsoft Visual Studio Solution File, Format Version 12.00
# Visual Studio Version 17
VisualStudioVersion = 17.4.33205.214
MinimumVisualStudioVersion = 10.0.40219.1
Project("{9A19103F-16F7-4668-BE54-9A1E7A4F7556}") = "Day1-1", "Day1-1\Day1-1.csproj", "{384C4FA2-E23B-4C1D-B69A-DFF11BFB93A3}"
EndProject
Project("{9A19103F-16F7-4668-BE54-9A1E7A4F7556}") = "Day1-2", "Day1-2\Day1-2.csproj", "{4CDF5224-9E9B-4D0F-BCE3-F8C0FF9AA6A3}"
EndProject
Project("{9A19103F-16F7-4668-BE54-9A1E7A4F7556}") = "Day2-1", "Day2-1\Day2-1.csproj", "{BF07EEF0-CB91-4AC6-B412-40D69F0AF5AF}"
EndProject
Project("{9A19103F-16F7-4668-BE54-9A1E7A4F7556}") = "Day2-2", "Day2-2\Day2-2.csproj", "{9C1C1C96-04C4-4141-84B6-E7A4560AC301}"
EndProject
Project("{9A19103F-16F7-4668-BE54-9A1E7A4F7556}") = "Day3-1", "Day3-1\Day3-1.csproj", "{2FCE3BE6-321B-46F8-93D3-116A59FF6772}"
EndProject
Project("{9A19103F-16F7-4668-BE54-9A1E7A4F7556}") = "Day3-2", "Day3-2\Day3-2.csproj", "{A72E487E-1BE0-42A7-B893-05E4B2D19D37}"
EndProject
Project("{9A19103F-16F7-4668-BE54-9A1E7A4F7556}") = "Day4-1", "Day4-1\Day4-1.csproj", "{9EE4ABF7-C189-4071-A0D7-F0D72F878C86}"
EndProject
Project("{9A19103F-16F7-4668-BE54-9A1E7A4F7556}") = "Day4-2", "Day4-2\Day4-2.csproj", "{2558C910-34F5-4A1C-AFE0-BCC71EF33566}"
EndProject
Project("{9A19103F-16F7-4668-BE54-9A1E7A4F7556}") = "Day5-1", "Day5-1\Day5-1.csproj", "{9D050C37-057A-4F72-B2C0-A32756C979E6}"
EndProject
Project("{9A19103F-16F7-4668-BE54-9A1E7A4F7556}") = "Day5-2", "Day5-2\Day5-2.csproj", "{627D26AA-9C53-4868-9759-5D08FFE39019}"
EndProject
Project("{9A19103F-16F7-4668-BE54-9A1E7A4F7556}") = "Day6-1", "Day6-1\Day6-1.csproj", "{65914ABC-429F-447B-B7AE-93A649FFBC87}"
EndProject
Project("{9A19103F-16F7-4668-BE54-9A1E7A4F7556}") = "Day6-2", "Day6-2\Day6-2.csproj", "{BFD05DC5-BCA6-4A54-8196-4AB4C6F6C11B}"
EndProject
Project("{9A19103F-16F7-4668-BE54-9A1E7A4F7556}") = "Day7-2", "Day7-2\Day7-2.csproj", "{7F430430-F947-4790-A9C6-4776EEB826D3}"
EndProject
Project("{9A19103F-16F7-4668-BE54-9A1E7A4F7556}") = "Day7-1", "Day7-1\Day7-1.csproj", "{A521BBF0-0889-4F89-9CE8-D392E3AE8C29}"
EndProject
Project("{9A19103F-16F7-4668-BE54-9A1E7A4F7556}") = "Day8-1", "Day8-1\Day8-1.csproj", "{70B0FB89-E050-448F-8439-F5094A7E0666}"
EndProject
Project("{9A19103F-16F7-4668-BE54-9A1E7A4F7556}") = "Day9-1", "Day9-1\Day9-1.csproj", "{C7E1E7EE-8850-4588-AE01-1270C725A09F}"
EndProject
Project("{9A19103F-16F7-4668-BE54-9A1E7A4F7556}") = "Day9-2", "Day9-2\Day9-2.csproj", "{97985DCC-C6D6-4BC9-BFF1-37F5815808CB}"
EndProject
Project("{9A19103F-16F7-4668-BE54-9A1E7A4F7556}") = "Day10-1", "Day10-1\Day10-1.csproj", "{DA977ADC-F5BD-4035-94EF-DA3CD75B626E}"
EndProject
Project("{9A19103F-16F7-4668-BE54-9A1E7A4F7556}") = "Day10-2", "Day10-2\Day10-2.csproj", "{984C7E02-D3DD-44AD-817D-F03A5A17FE15}"
EndProject
Project("{9A19103F-16F7-4668-BE54-9A1E7A4F7556}") = "Day13-1", "Day13-1\Day13-1.csproj", "{26BFC105-04C0-4683-AF5B-9BA8787F3390}"
EndProject
Project("{9A19103F-16F7-4668-BE54-9A1E7A4F7556}") = "Day13-2", "Day13-2\Day13-2.csproj", "{97540418-C691-4325-9616-AED3484620DE}"
EndProject
Project("{9A19103F-16F7-4668-BE54-9A1E7A4F7556}") = "Day11-1", "Day11-1\Day11-1.csproj", "{AECFEC1D-4CBC-44C4-AD16-8890CECD9BB8}"
EndProject
Project("{9A19103F-16F7-4668-BE54-9A1E7A4F7556}") = "Day11-1b", "Day11-1b\Day11-1b.csproj", "{3DAC5933-F930-4FEF-8847-0BEB320CED1F}"
EndProject
Project("{9A19103F-16F7-4668-BE54-9A1E7A4F7556}") = "Day11-2", "Day11-2\Day11-2.csproj", "{467E8312-A885-4BCE-B711-03F1CBC248E1}"
EndProject
Project("{9A19103F-16F7-4668-BE54-9A1E7A4F7556}") = "Day12-1", "Day12-1\Day12-1.csproj", "{E64D2BF2-1DF5-4F62-B8BD-61FA228D3105}"
EndProject
Project("{9A19103F-16F7-4668-BE54-9A1E7A4F7556}") = "Day14-1", "Day14-1\Day14-1.csproj", "{11F80AC9-4162-4856-AA08-8015E95420B0}"
EndProject
Project("{9A19103F-16F7-4668-BE54-9A1E7A4F7556}") = "Day14-2", "Day14-2\Day14-2.csproj", "{AABA4393-34EE-4665-983E-1E8C79C911D8}"
EndProject
Project("{9A19103F-16F7-4668-BE54-9A1E7A4F7556}") = "Day15-1", "Day15-1\Day15-1.csproj", "{2608819A-58EB-473E-B562-F4C3B0416F96}"
EndProject
Project("{9A19103F-16F7-4668-BE54-9A1E7A4F7556}") = "Day15-2", "Day15-2\Day15-2.csproj", "{E888D5AA-0740-4E5A-970B-670BA0173B54}"
EndProject
Project("{9A19103F-16F7-4668-BE54-9A1E7A4F7556}") = "Day16-1", "Day16-1\Day16-1.csproj", "{28571497-E474-47F0-862A-DB8417E86853}"
EndProject
Project("{FAE04EC0-301F-11D3-BF4B-00C04F79EFBC}") = "Day17-1", "Day17-1\Day17-1.csproj", "{DF2CE3BF-FDC1-4102-91AE-A0D5503C5F3F}"
EndProject
Project("{FAE04EC0-301F-11D3-BF4B-00C04F79EFBC}") = "Day17-2", "Day17-2\Day17-2.csproj", "{5769709F-DF29-484F-A02A-C9AB6167F061}"
EndProject
Project("{FAE04EC0-301F-11D3-BF4B-00C04F79EFBC}") = "Day18-1", "Day18-1\Day18-1.csproj", "{C58859BF-4422-4132-8360-71C8073C1823}"
EndProject
Project("{FAE04EC0-301F-11D3-BF4B-00C04F79EFBC}") = "Day18-2", "Day18-2\Day18-2.csproj", "{64C559B3-84AF-4C8E-A5D5-2FC6C7175A2A}"
EndProject
Project("{FAE04EC0-301F-11D3-BF4B-00C04F79EFBC}") = "Day19-1", "Day19-1\Day19-1.csproj", "{0B127B89-F73C-4056-ADD2-F44A8426F37D}"
EndProject
Project("{FAE04EC0-301F-11D3-BF4B-00C04F79EFBC}") = "Day19-2", "Day19-2\Day19-2.csproj", "{0A3A66D1-3EC8-4E80-B930-6593AA214388}"
EndProject
Project("{FAE04EC0-301F-11D3-BF4B-00C04F79EFBC}") = "Day20-1", "Day20-1\Day20-1.csproj", "{E178BFBB-9B53-4959-A204-2EECB9C2506F}"
EndProject
Project("{FAE04EC0-301F-11D3-BF4B-00C04F79EFBC}") = "Day20-2", "Day20-2\Day20-2.csproj", "{2C047584-2FDE-4F4D-ABD5-C259DBCF913E}"
EndProject
Project("{FAE04EC0-301F-11D3-BF4B-00C04F79EFBC}") = "Day24-1", "Day24-1\Day24-1.csproj", "{E2B3DB08-25CF-4B10-8CDD-202E5C6298A4}"
EndProject
Project("{FAE04EC0-301F-11D3-BF4B-00C04F79EFBC}") = "Day24-2", "Day24-2\Day24-2.csproj", "{536EAF57-45DB-490B-8411-B46230F32307}"
EndProject
Project("{FAE04EC0-301F-11D3-BF4B-00C04F79EFBC}") = "Day21-1", "Day21-1\Day21-1.csproj", "{A6E69574-59EF-4145-B754-7808F39CF878}"
EndProject
Project("{FAE04EC0-301F-11D3-BF4B-00C04F79EFBC}") = "Day21-2", "Day21-2\Day21-2.csproj", "{BDA9B984-17D4-479C-BED9-DB24B1B53534}"
EndProject
Global
	GlobalSection(SolutionConfigurationPlatforms) = preSolution
		Debug|Any CPU = Debug|Any CPU
		Release|Any CPU = Release|Any CPU
	EndGlobalSection
	GlobalSection(ProjectConfigurationPlatforms) = postSolution
		{384C4FA2-E23B-4C1D-B69A-DFF11BFB93A3}.Debug|Any CPU.ActiveCfg = Debug|Any CPU
		{384C4FA2-E23B-4C1D-B69A-DFF11BFB93A3}.Debug|Any CPU.Build.0 = Debug|Any CPU
		{384C4FA2-E23B-4C1D-B69A-DFF11BFB93A3}.Release|Any CPU.ActiveCfg = Release|Any CPU
		{384C4FA2-E23B-4C1D-B69A-DFF11BFB93A3}.Release|Any CPU.Build.0 = Release|Any CPU
		{4CDF5224-9E9B-4D0F-BCE3-F8C0FF9AA6A3}.Debug|Any CPU.ActiveCfg = Debug|Any CPU
		{4CDF5224-9E9B-4D0F-BCE3-F8C0FF9AA6A3}.Debug|Any CPU.Build.0 = Debug|Any CPU
		{4CDF5224-9E9B-4D0F-BCE3-F8C0FF9AA6A3}.Release|Any CPU.ActiveCfg = Release|Any CPU
		{4CDF5224-9E9B-4D0F-BCE3-F8C0FF9AA6A3}.Release|Any CPU.Build.0 = Release|Any CPU
		{BF07EEF0-CB91-4AC6-B412-40D69F0AF5AF}.Debug|Any CPU.ActiveCfg = Debug|Any CPU
		{BF07EEF0-CB91-4AC6-B412-40D69F0AF5AF}.Debug|Any CPU.Build.0 = Debug|Any CPU
		{BF07EEF0-CB91-4AC6-B412-40D69F0AF5AF}.Release|Any CPU.ActiveCfg = Release|Any CPU
		{BF07EEF0-CB91-4AC6-B412-40D69F0AF5AF}.Release|Any CPU.Build.0 = Release|Any CPU
		{9C1C1C96-04C4-4141-84B6-E7A4560AC301}.Debug|Any CPU.ActiveCfg = Debug|Any CPU
		{9C1C1C96-04C4-4141-84B6-E7A4560AC301}.Debug|Any CPU.Build.0 = Debug|Any CPU
		{9C1C1C96-04C4-4141-84B6-E7A4560AC301}.Release|Any CPU.ActiveCfg = Release|Any CPU
		{9C1C1C96-04C4-4141-84B6-E7A4560AC301}.Release|Any CPU.Build.0 = Release|Any CPU
		{2FCE3BE6-321B-46F8-93D3-116A59FF6772}.Debug|Any CPU.ActiveCfg = Debug|Any CPU
		{2FCE3BE6-321B-46F8-93D3-116A59FF6772}.Debug|Any CPU.Build.0 = Debug|Any CPU
		{2FCE3BE6-321B-46F8-93D3-116A59FF6772}.Release|Any CPU.ActiveCfg = Release|Any CPU
		{2FCE3BE6-321B-46F8-93D3-116A59FF6772}.Release|Any CPU.Build.0 = Release|Any CPU
		{A72E487E-1BE0-42A7-B893-05E4B2D19D37}.Debug|Any CPU.ActiveCfg = Debug|Any CPU
		{A72E487E-1BE0-42A7-B893-05E4B2D19D37}.Debug|Any CPU.Build.0 = Debug|Any CPU
		{A72E487E-1BE0-42A7-B893-05E4B2D19D37}.Release|Any CPU.ActiveCfg = Release|Any CPU
		{A72E487E-1BE0-42A7-B893-05E4B2D19D37}.Release|Any CPU.Build.0 = Release|Any CPU
		{9EE4ABF7-C189-4071-A0D7-F0D72F878C86}.Debug|Any CPU.ActiveCfg = Debug|Any CPU
		{9EE4ABF7-C189-4071-A0D7-F0D72F878C86}.Debug|Any CPU.Build.0 = Debug|Any CPU
		{9EE4ABF7-C189-4071-A0D7-F0D72F878C86}.Release|Any CPU.ActiveCfg = Release|Any CPU
		{9EE4ABF7-C189-4071-A0D7-F0D72F878C86}.Release|Any CPU.Build.0 = Release|Any CPU
		{2558C910-34F5-4A1C-AFE0-BCC71EF33566}.Debug|Any CPU.ActiveCfg = Debug|Any CPU
		{2558C910-34F5-4A1C-AFE0-BCC71EF33566}.Debug|Any CPU.Build.0 = Debug|Any CPU
		{2558C910-34F5-4A1C-AFE0-BCC71EF33566}.Release|Any CPU.ActiveCfg = Release|Any CPU
		{2558C910-34F5-4A1C-AFE0-BCC71EF33566}.Release|Any CPU.Build.0 = Release|Any CPU
		{9D050C37-057A-4F72-B2C0-A32756C979E6}.Debug|Any CPU.ActiveCfg = Debug|Any CPU
		{9D050C37-057A-4F72-B2C0-A32756C979E6}.Debug|Any CPU.Build.0 = Debug|Any CPU
		{9D050C37-057A-4F72-B2C0-A32756C979E6}.Release|Any CPU.ActiveCfg = Release|Any CPU
		{9D050C37-057A-4F72-B2C0-A32756C979E6}.Release|Any CPU.Build.0 = Release|Any CPU
		{627D26AA-9C53-4868-9759-5D08FFE39019}.Debug|Any CPU.ActiveCfg = Debug|Any CPU
		{627D26AA-9C53-4868-9759-5D08FFE39019}.Debug|Any CPU.Build.0 = Debug|Any CPU
		{627D26AA-9C53-4868-9759-5D08FFE39019}.Release|Any CPU.ActiveCfg = Release|Any CPU
		{627D26AA-9C53-4868-9759-5D08FFE39019}.Release|Any CPU.Build.0 = Release|Any CPU
		{65914ABC-429F-447B-B7AE-93A649FFBC87}.Debug|Any CPU.ActiveCfg = Debug|Any CPU
		{65914ABC-429F-447B-B7AE-93A649FFBC87}.Debug|Any CPU.Build.0 = Debug|Any CPU
		{65914ABC-429F-447B-B7AE-93A649FFBC87}.Release|Any CPU.ActiveCfg = Release|Any CPU
		{65914ABC-429F-447B-B7AE-93A649FFBC87}.Release|Any CPU.Build.0 = Release|Any CPU
		{BFD05DC5-BCA6-4A54-8196-4AB4C6F6C11B}.Debug|Any CPU.ActiveCfg = Debug|Any CPU
		{BFD05DC5-BCA6-4A54-8196-4AB4C6F6C11B}.Debug|Any CPU.Build.0 = Debug|Any CPU
		{BFD05DC5-BCA6-4A54-8196-4AB4C6F6C11B}.Release|Any CPU.ActiveCfg = Release|Any CPU
		{BFD05DC5-BCA6-4A54-8196-4AB4C6F6C11B}.Release|Any CPU.Build.0 = Release|Any CPU
		{7F430430-F947-4790-A9C6-4776EEB826D3}.Debug|Any CPU.ActiveCfg = Debug|Any CPU
		{7F430430-F947-4790-A9C6-4776EEB826D3}.Debug|Any CPU.Build.0 = Debug|Any CPU
		{7F430430-F947-4790-A9C6-4776EEB826D3}.Release|Any CPU.ActiveCfg = Release|Any CPU
		{7F430430-F947-4790-A9C6-4776EEB826D3}.Release|Any CPU.Build.0 = Release|Any CPU
		{A521BBF0-0889-4F89-9CE8-D392E3AE8C29}.Debug|Any CPU.ActiveCfg = Debug|Any CPU
		{A521BBF0-0889-4F89-9CE8-D392E3AE8C29}.Debug|Any CPU.Build.0 = Debug|Any CPU
		{A521BBF0-0889-4F89-9CE8-D392E3AE8C29}.Release|Any CPU.ActiveCfg = Release|Any CPU
		{A521BBF0-0889-4F89-9CE8-D392E3AE8C29}.Release|Any CPU.Build.0 = Release|Any CPU
		{70B0FB89-E050-448F-8439-F5094A7E0666}.Debug|Any CPU.ActiveCfg = Debug|Any CPU
		{70B0FB89-E050-448F-8439-F5094A7E0666}.Debug|Any CPU.Build.0 = Debug|Any CPU
		{70B0FB89-E050-448F-8439-F5094A7E0666}.Release|Any CPU.ActiveCfg = Release|Any CPU
		{70B0FB89-E050-448F-8439-F5094A7E0666}.Release|Any CPU.Build.0 = Release|Any CPU
		{C7E1E7EE-8850-4588-AE01-1270C725A09F}.Debug|Any CPU.ActiveCfg = Debug|Any CPU
		{C7E1E7EE-8850-4588-AE01-1270C725A09F}.Debug|Any CPU.Build.0 = Debug|Any CPU
		{C7E1E7EE-8850-4588-AE01-1270C725A09F}.Release|Any CPU.ActiveCfg = Release|Any CPU
		{C7E1E7EE-8850-4588-AE01-1270C725A09F}.Release|Any CPU.Build.0 = Release|Any CPU
		{97985DCC-C6D6-4BC9-BFF1-37F5815808CB}.Debug|Any CPU.ActiveCfg = Debug|Any CPU
		{97985DCC-C6D6-4BC9-BFF1-37F5815808CB}.Debug|Any CPU.Build.0 = Debug|Any CPU
		{97985DCC-C6D6-4BC9-BFF1-37F5815808CB}.Release|Any CPU.ActiveCfg = Release|Any CPU
		{97985DCC-C6D6-4BC9-BFF1-37F5815808CB}.Release|Any CPU.Build.0 = Release|Any CPU
		{DA977ADC-F5BD-4035-94EF-DA3CD75B626E}.Debug|Any CPU.ActiveCfg = Debug|Any CPU
		{DA977ADC-F5BD-4035-94EF-DA3CD75B626E}.Debug|Any CPU.Build.0 = Debug|Any CPU
		{DA977ADC-F5BD-4035-94EF-DA3CD75B626E}.Release|Any CPU.ActiveCfg = Release|Any CPU
		{DA977ADC-F5BD-4035-94EF-DA3CD75B626E}.Release|Any CPU.Build.0 = Release|Any CPU
		{984C7E02-D3DD-44AD-817D-F03A5A17FE15}.Debug|Any CPU.ActiveCfg = Debug|Any CPU
		{984C7E02-D3DD-44AD-817D-F03A5A17FE15}.Debug|Any CPU.Build.0 = Debug|Any CPU
		{984C7E02-D3DD-44AD-817D-F03A5A17FE15}.Release|Any CPU.ActiveCfg = Release|Any CPU
		{984C7E02-D3DD-44AD-817D-F03A5A17FE15}.Release|Any CPU.Build.0 = Release|Any CPU
		{26BFC105-04C0-4683-AF5B-9BA8787F3390}.Debug|Any CPU.ActiveCfg = Debug|Any CPU
		{26BFC105-04C0-4683-AF5B-9BA8787F3390}.Debug|Any CPU.Build.0 = Debug|Any CPU
		{26BFC105-04C0-4683-AF5B-9BA8787F3390}.Release|Any CPU.ActiveCfg = Release|Any CPU
		{26BFC105-04C0-4683-AF5B-9BA8787F3390}.Release|Any CPU.Build.0 = Release|Any CPU
		{97540418-C691-4325-9616-AED3484620DE}.Debug|Any CPU.ActiveCfg = Debug|Any CPU
		{97540418-C691-4325-9616-AED3484620DE}.Debug|Any CPU.Build.0 = Debug|Any CPU
		{97540418-C691-4325-9616-AED3484620DE}.Release|Any CPU.ActiveCfg = Release|Any CPU
		{97540418-C691-4325-9616-AED3484620DE}.Release|Any CPU.Build.0 = Release|Any CPU
		{AECFEC1D-4CBC-44C4-AD16-8890CECD9BB8}.Debug|Any CPU.ActiveCfg = Debug|Any CPU
		{AECFEC1D-4CBC-44C4-AD16-8890CECD9BB8}.Debug|Any CPU.Build.0 = Debug|Any CPU
		{AECFEC1D-4CBC-44C4-AD16-8890CECD9BB8}.Release|Any CPU.ActiveCfg = Release|Any CPU
		{AECFEC1D-4CBC-44C4-AD16-8890CECD9BB8}.Release|Any CPU.Build.0 = Release|Any CPU
		{3DAC5933-F930-4FEF-8847-0BEB320CED1F}.Debug|Any CPU.ActiveCfg = Debug|Any CPU
		{3DAC5933-F930-4FEF-8847-0BEB320CED1F}.Debug|Any CPU.Build.0 = Debug|Any CPU
		{3DAC5933-F930-4FEF-8847-0BEB320CED1F}.Release|Any CPU.ActiveCfg = Release|Any CPU
		{3DAC5933-F930-4FEF-8847-0BEB320CED1F}.Release|Any CPU.Build.0 = Release|Any CPU
		{467E8312-A885-4BCE-B711-03F1CBC248E1}.Debug|Any CPU.ActiveCfg = Debug|Any CPU
		{467E8312-A885-4BCE-B711-03F1CBC248E1}.Debug|Any CPU.Build.0 = Debug|Any CPU
		{467E8312-A885-4BCE-B711-03F1CBC248E1}.Release|Any CPU.ActiveCfg = Release|Any CPU
		{467E8312-A885-4BCE-B711-03F1CBC248E1}.Release|Any CPU.Build.0 = Release|Any CPU
		{E64D2BF2-1DF5-4F62-B8BD-61FA228D3105}.Debug|Any CPU.ActiveCfg = Debug|Any CPU
		{E64D2BF2-1DF5-4F62-B8BD-61FA228D3105}.Debug|Any CPU.Build.0 = Debug|Any CPU
		{E64D2BF2-1DF5-4F62-B8BD-61FA228D3105}.Release|Any CPU.ActiveCfg = Release|Any CPU
		{E64D2BF2-1DF5-4F62-B8BD-61FA228D3105}.Release|Any CPU.Build.0 = Release|Any CPU
		{11F80AC9-4162-4856-AA08-8015E95420B0}.Debug|Any CPU.ActiveCfg = Debug|Any CPU
		{11F80AC9-4162-4856-AA08-8015E95420B0}.Debug|Any CPU.Build.0 = Debug|Any CPU
		{11F80AC9-4162-4856-AA08-8015E95420B0}.Release|Any CPU.ActiveCfg = Release|Any CPU
		{11F80AC9-4162-4856-AA08-8015E95420B0}.Release|Any CPU.Build.0 = Release|Any CPU
		{AABA4393-34EE-4665-983E-1E8C79C911D8}.Debug|Any CPU.ActiveCfg = Debug|Any CPU
		{AABA4393-34EE-4665-983E-1E8C79C911D8}.Debug|Any CPU.Build.0 = Debug|Any CPU
		{AABA4393-34EE-4665-983E-1E8C79C911D8}.Release|Any CPU.ActiveCfg = Release|Any CPU
		{AABA4393-34EE-4665-983E-1E8C79C911D8}.Release|Any CPU.Build.0 = Release|Any CPU
		{2608819A-58EB-473E-B562-F4C3B0416F96}.Debug|Any CPU.ActiveCfg = Debug|Any CPU
		{2608819A-58EB-473E-B562-F4C3B0416F96}.Debug|Any CPU.Build.0 = Debug|Any CPU
		{2608819A-58EB-473E-B562-F4C3B0416F96}.Release|Any CPU.ActiveCfg = Release|Any CPU
		{2608819A-58EB-473E-B562-F4C3B0416F96}.Release|Any CPU.Build.0 = Release|Any CPU
		{E888D5AA-0740-4E5A-970B-670BA0173B54}.Debug|Any CPU.ActiveCfg = Debug|Any CPU
		{E888D5AA-0740-4E5A-970B-670BA0173B54}.Debug|Any CPU.Build.0 = Debug|Any CPU
		{E888D5AA-0740-4E5A-970B-670BA0173B54}.Release|Any CPU.ActiveCfg = Release|Any CPU
		{E888D5AA-0740-4E5A-970B-670BA0173B54}.Release|Any CPU.Build.0 = Release|Any CPU
		{28571497-E474-47F0-862A-DB8417E86853}.Debug|Any CPU.ActiveCfg = Debug|Any CPU
		{28571497-E474-47F0-862A-DB8417E86853}.Debug|Any CPU.Build.0 = Debug|Any CPU
		{28571497-E474-47F0-862A-DB8417E86853}.Release|Any CPU.ActiveCfg = Release|Any CPU
		{28571497-E474-47F0-862A-DB8417E86853}.Release|Any CPU.Build.0 = Release|Any CPU
		{DF2CE3BF-FDC1-4102-91AE-A0D5503C5F3F}.Debug|Any CPU.ActiveCfg = Debug|Any CPU
		{DF2CE3BF-FDC1-4102-91AE-A0D5503C5F3F}.Debug|Any CPU.Build.0 = Debug|Any CPU
		{DF2CE3BF-FDC1-4102-91AE-A0D5503C5F3F}.Release|Any CPU.ActiveCfg = Release|Any CPU
		{DF2CE3BF-FDC1-4102-91AE-A0D5503C5F3F}.Release|Any CPU.Build.0 = Release|Any CPU
		{5769709F-DF29-484F-A02A-C9AB6167F061}.Debug|Any CPU.ActiveCfg = Debug|Any CPU
		{5769709F-DF29-484F-A02A-C9AB6167F061}.Debug|Any CPU.Build.0 = Debug|Any CPU
		{5769709F-DF29-484F-A02A-C9AB6167F061}.Release|Any CPU.ActiveCfg = Release|Any CPU
		{5769709F-DF29-484F-A02A-C9AB6167F061}.Release|Any CPU.Build.0 = Release|Any CPU
		{C58859BF-4422-4132-8360-71C8073C1823}.Debug|Any CPU.ActiveCfg = Debug|Any CPU
		{C58859BF-4422-4132-8360-71C8073C1823}.Debug|Any CPU.Build.0 = Debug|Any CPU
		{C58859BF-4422-4132-8360-71C8073C1823}.Release|Any CPU.ActiveCfg = Release|Any CPU
		{C58859BF-4422-4132-8360-71C8073C1823}.Release|Any CPU.Build.0 = Release|Any CPU
		{64C559B3-84AF-4C8E-A5D5-2FC6C7175A2A}.Debug|Any CPU.ActiveCfg = Debug|Any CPU
		{64C559B3-84AF-4C8E-A5D5-2FC6C7175A2A}.Debug|Any CPU.Build.0 = Debug|Any CPU
		{64C559B3-84AF-4C8E-A5D5-2FC6C7175A2A}.Release|Any CPU.ActiveCfg = Release|Any CPU
		{64C559B3-84AF-4C8E-A5D5-2FC6C7175A2A}.Release|Any CPU.Build.0 = Release|Any CPU
		{0B127B89-F73C-4056-ADD2-F44A8426F37D}.Debug|Any CPU.ActiveCfg = Debug|Any CPU
		{0B127B89-F73C-4056-ADD2-F44A8426F37D}.Debug|Any CPU.Build.0 = Debug|Any CPU
		{0B127B89-F73C-4056-ADD2-F44A8426F37D}.Release|Any CPU.ActiveCfg = Release|Any CPU
		{0B127B89-F73C-4056-ADD2-F44A8426F37D}.Release|Any CPU.Build.0 = Release|Any CPU
		{0A3A66D1-3EC8-4E80-B930-6593AA214388}.Debug|Any CPU.ActiveCfg = Debug|Any CPU
		{0A3A66D1-3EC8-4E80-B930-6593AA214388}.Debug|Any CPU.Build.0 = Debug|Any CPU
		{0A3A66D1-3EC8-4E80-B930-6593AA214388}.Release|Any CPU.ActiveCfg = Release|Any CPU
		{0A3A66D1-3EC8-4E80-B930-6593AA214388}.Release|Any CPU.Build.0 = Release|Any CPU
		{E178BFBB-9B53-4959-A204-2EECB9C2506F}.Debug|Any CPU.ActiveCfg = Debug|Any CPU
		{E178BFBB-9B53-4959-A204-2EECB9C2506F}.Debug|Any CPU.Build.0 = Debug|Any CPU
		{E178BFBB-9B53-4959-A204-2EECB9C2506F}.Release|Any CPU.ActiveCfg = Release|Any CPU
		{E178BFBB-9B53-4959-A204-2EECB9C2506F}.Release|Any CPU.Build.0 = Release|Any CPU
		{2C047584-2FDE-4F4D-ABD5-C259DBCF913E}.Debug|Any CPU.ActiveCfg = Debug|Any CPU
		{2C047584-2FDE-4F4D-ABD5-C259DBCF913E}.Debug|Any CPU.Build.0 = Debug|Any CPU
		{2C047584-2FDE-4F4D-ABD5-C259DBCF913E}.Release|Any CPU.ActiveCfg = Release|Any CPU
		{2C047584-2FDE-4F4D-ABD5-C259DBCF913E}.Release|Any CPU.Build.0 = Release|Any CPU
		{E2B3DB08-25CF-4B10-8CDD-202E5C6298A4}.Debug|Any CPU.ActiveCfg = Debug|Any CPU
		{E2B3DB08-25CF-4B10-8CDD-202E5C6298A4}.Debug|Any CPU.Build.0 = Debug|Any CPU
		{E2B3DB08-25CF-4B10-8CDD-202E5C6298A4}.Release|Any CPU.ActiveCfg = Release|Any CPU
		{E2B3DB08-25CF-4B10-8CDD-202E5C6298A4}.Release|Any CPU.Build.0 = Release|Any CPU
		{536EAF57-45DB-490B-8411-B46230F32307}.Debug|Any CPU.ActiveCfg = Debug|Any CPU
		{536EAF57-45DB-490B-8411-B46230F32307}.Debug|Any CPU.Build.0 = Debug|Any CPU
		{536EAF57-45DB-490B-8411-B46230F32307}.Release|Any CPU.ActiveCfg = Release|Any CPU
		{536EAF57-45DB-490B-8411-B46230F32307}.Release|Any CPU.Build.0 = Release|Any CPU
		{A6E69574-59EF-4145-B754-7808F39CF878}.Debug|Any CPU.ActiveCfg = Debug|Any CPU
		{A6E69574-59EF-4145-B754-7808F39CF878}.Debug|Any CPU.Build.0 = Debug|Any CPU
		{A6E69574-59EF-4145-B754-7808F39CF878}.Release|Any CPU.ActiveCfg = Release|Any CPU
		{A6E69574-59EF-4145-B754-7808F39CF878}.Release|Any CPU.Build.0 = Release|Any CPU
		{BDA9B984-17D4-479C-BED9-DB24B1B53534}.Debug|Any CPU.ActiveCfg = Debug|Any CPU
		{BDA9B984-17D4-479C-BED9-DB24B1B53534}.Debug|Any CPU.Build.0 = Debug|Any CPU
		{BDA9B984-17D4-479C-BED9-DB24B1B53534}.Release|Any CPU.ActiveCfg = Release|Any CPU
		{BDA9B984-17D4-479C-BED9-DB24B1B53534}.Release|Any CPU.Build.0 = Release|Any CPU
	EndGlobalSection
	GlobalSection(SolutionProperties) = preSolution
		HideSolutionNode = FALSE
	EndGlobalSection
	GlobalSection(ExtensibilityGlobals) = postSolution
		SolutionGuid = {FB43DC33-0AA9-4A09-B325-1A4AC3D6E90E}
	EndGlobalSection
EndGlobal
