
Microsoft Visual Studio Solution File, Format Version 12.00
# Visual Studio Version 17
VisualStudioVersion = 17.4.33110.190
MinimumVisualStudioVersion = 10.0.40219.1
Project("{9A19103F-16F7-4668-BE54-9A1E7A4F7556}") = "Day4", "Day4\Day4.csproj", "{35750632-2E34-41C6-8A5E-C0DC07A65DF8}"
EndProject
Project("{9A19103F-16F7-4668-BE54-9A1E7A4F7556}") = "Day5", "Day5\Day5.csproj", "{CB7A9939-1EFC-4770-8C3B-C64D6ACB0080}"
EndProject
Project("{9A19103F-16F7-4668-BE54-9A1E7A4F7556}") = "Day6", "Day6\Day6.csproj", "{38C65987-7AE7-4907-96B7-394D8B7975CF}"
EndProject
Project("{9A19103F-16F7-4668-BE54-9A1E7A4F7556}") = "Day7", "Day7\Day7.csproj", "{13BB8AD7-935F-4D54-B82D-67A1E820314E}"
EndProject
Project("{9A19103F-16F7-4668-BE54-9A1E7A4F7556}") = "Day8", "Day8\Day8.csproj", "{822DCB02-22DB-41D8-A778-A2198EEDE40B}"
EndProject
Project("{9A19103F-16F7-4668-BE54-9A1E7A4F7556}") = "Day9", "Day9\Day9.csproj", "{D9B00D89-4DC3-4AC5-9454-AD9E410B5E15}"
EndProject
Project("{9A19103F-16F7-4668-BE54-9A1E7A4F7556}") = "Day10", "Day10\Day10.csproj", "{BF4F315F-B832-4E63-AA82-D0EB922AC847}"
EndProject
Project("{9A19103F-16F7-4668-BE54-9A1E7A4F7556}") = "Day11", "Day11\Day11.csproj", "{B7F690B0-AF8A-49A9-9476-C61ED30F8DBC}"
EndProject
Project("{9A19103F-16F7-4668-BE54-9A1E7A4F7556}") = "Day12", "Day12\Day12.csproj", "{1F067EC7-1BF6-4146-B56E-21346370B85A}"
EndProject
Project("{9A19103F-16F7-4668-BE54-9A1E7A4F7556}") = "Day12-2", "Day12-2\Day12-2.csproj", "{78A3C6C2-B21D-45A0-95A5-6129053260C7}"
EndProject
Project("{9A19103F-16F7-4668-BE54-9A1E7A4F7556}") = "Day13-1", "Day13-1\Day13-1.csproj", "{D49A8121-0EB5-4C0B-A921-DF5128E15ACE}"
EndProject
Project("{9A19103F-16F7-4668-BE54-9A1E7A4F7556}") = "Day13-2", "Day13-2\Day13-2.csproj", "{F2A625BC-00DA-459A-8887-926C9DE3CD30}"
EndProject
Project("{9A19103F-16F7-4668-BE54-9A1E7A4F7556}") = "Day14-1", "Day14-1\Day14-1.csproj", "{9CD3D965-3B6C-4144-82A7-4020BAC9E66C}"
EndProject
Project("{9A19103F-16F7-4668-BE54-9A1E7A4F7556}") = "Day14-2", "Day14-2\Day14-2.csproj", "{6B8BEA22-E6CF-4483-8CFC-36BA5C3C9B41}"
EndProject
Project("{9A19103F-16F7-4668-BE54-9A1E7A4F7556}") = "Day15-1", "Day15-1\Day15-1.csproj", "{2F5AB0E2-3E9C-43FE-BC9F-14F886AFCD10}"
EndProject
Project("{9A19103F-16F7-4668-BE54-9A1E7A4F7556}") = "Day15-2", "Day15-2\Day15-2.csproj", "{6151A1DA-7363-4E0D-9B2B-59D982EF64FC}"
EndProject
Project("{9A19103F-16F7-4668-BE54-9A1E7A4F7556}") = "Day16-1", "Day16-1\Day16-1.csproj", "{BB9AFA2D-4C8C-4837-9575-D862037691CF}"
EndProject
Project("{9A19103F-16F7-4668-BE54-9A1E7A4F7556}") = "Day16-2", "Day16-2\Day16-2.csproj", "{BF10DF1B-04FD-4EB0-A731-7ACE4ED5F9EB}"
EndProject
Project("{9A19103F-16F7-4668-BE54-9A1E7A4F7556}") = "Day17-1", "Day17-1\Day17-1.csproj", "{5F72C617-6782-478E-96FA-5D7F22F5AA03}"
EndProject
Project("{9A19103F-16F7-4668-BE54-9A1E7A4F7556}") = "Day17-2", "Day17-2\Day17-2.csproj", "{0EEB5EE0-9DD4-42F7-B4BC-E5DD64DB3390}"
EndProject
Project("{9A19103F-16F7-4668-BE54-9A1E7A4F7556}") = "Day18-1", "Day18-1\Day18-1.csproj", "{1DCD7D43-4228-4320-8E73-E50238AD7956}"
EndProject
Project("{9A19103F-16F7-4668-BE54-9A1E7A4F7556}") = "Day18-2", "Day18-2\Day18-2.csproj", "{6BCBC908-9553-41A9-BC09-6CF467986379}"
EndProject
Project("{9A19103F-16F7-4668-BE54-9A1E7A4F7556}") = "Day19-1", "Day19-1\Day19-1.csproj", "{B2C66537-3CDA-4E0D-B014-E5C0B8DA489E}"
EndProject
Project("{9A19103F-16F7-4668-BE54-9A1E7A4F7556}") = "Day21-1", "Day21-1\Day21-1.csproj", "{9D91AA74-B5B1-4DBE-AC15-A3FF8920C08A}"
EndProject
Project("{9A19103F-16F7-4668-BE54-9A1E7A4F7556}") = "Day21-2", "Day21-2\Day21-2.csproj", "{34859D8E-AB6D-4F34-8A3B-E06B21739B2E}"
EndProject
Project("{9A19103F-16F7-4668-BE54-9A1E7A4F7556}") = "Day19-1print", "Day19-1print\Day19-1print.csproj", "{432214E8-ADC4-48EE-9D20-ED6FBB901D0D}"
EndProject
Project("{9A19103F-16F7-4668-BE54-9A1E7A4F7556}") = "Day19-2", "Day19-2\Day19-2.csproj", "{4729D404-5232-401E-BA3C-CCC6135BE13E}"
EndProject
Project("{9A19103F-16F7-4668-BE54-9A1E7A4F7556}") = "Day19-2parallel", "Day19-2parallel\Day19-2parallel.csproj", "{135FFF8B-4D71-4A29-8F1D-3C228767AB59}"
EndProject
Project("{FAE04EC0-301F-11D3-BF4B-00C04F79EFBC}") = "Day20-1", "Day20-1\Day20-1.csproj", "{EEC254BD-DFAE-4E2C-A0CD-0E5E602B61F6}"
EndProject
Project("{FAE04EC0-301F-11D3-BF4B-00C04F79EFBC}") = "Day20-2", "Day20-2\Day20-2.csproj", "{941B6E77-7FBA-41DC-82FC-DA7B491B103B}"
EndProject
Project("{FAE04EC0-301F-11D3-BF4B-00C04F79EFBC}") = "Day22-1", "Day22-1\Day22-1.csproj", "{3AA86B8A-511C-46BC-960A-5D3DF67243A5}"
EndProject
Global
	GlobalSection(SolutionConfigurationPlatforms) = preSolution
		Debug|Any CPU = Debug|Any CPU
		Release|Any CPU = Release|Any CPU
	EndGlobalSection
	GlobalSection(ProjectConfigurationPlatforms) = postSolution
		{35750632-2E34-41C6-8A5E-C0DC07A65DF8}.Debug|Any CPU.ActiveCfg = Debug|Any CPU
		{35750632-2E34-41C6-8A5E-C0DC07A65DF8}.Debug|Any CPU.Build.0 = Debug|Any CPU
		{35750632-2E34-41C6-8A5E-C0DC07A65DF8}.Release|Any CPU.ActiveCfg = Release|Any CPU
		{35750632-2E34-41C6-8A5E-C0DC07A65DF8}.Release|Any CPU.Build.0 = Release|Any CPU
		{CB7A9939-1EFC-4770-8C3B-C64D6ACB0080}.Debug|Any CPU.ActiveCfg = Debug|Any CPU
		{CB7A9939-1EFC-4770-8C3B-C64D6ACB0080}.Debug|Any CPU.Build.0 = Debug|Any CPU
		{CB7A9939-1EFC-4770-8C3B-C64D6ACB0080}.Release|Any CPU.ActiveCfg = Release|Any CPU
		{CB7A9939-1EFC-4770-8C3B-C64D6ACB0080}.Release|Any CPU.Build.0 = Release|Any CPU
		{38C65987-7AE7-4907-96B7-394D8B7975CF}.Debug|Any CPU.ActiveCfg = Debug|Any CPU
		{38C65987-7AE7-4907-96B7-394D8B7975CF}.Debug|Any CPU.Build.0 = Debug|Any CPU
		{38C65987-7AE7-4907-96B7-394D8B7975CF}.Release|Any CPU.ActiveCfg = Release|Any CPU
		{38C65987-7AE7-4907-96B7-394D8B7975CF}.Release|Any CPU.Build.0 = Release|Any CPU
		{13BB8AD7-935F-4D54-B82D-67A1E820314E}.Debug|Any CPU.ActiveCfg = Debug|Any CPU
		{13BB8AD7-935F-4D54-B82D-67A1E820314E}.Debug|Any CPU.Build.0 = Debug|Any CPU
		{13BB8AD7-935F-4D54-B82D-67A1E820314E}.Release|Any CPU.ActiveCfg = Release|Any CPU
		{13BB8AD7-935F-4D54-B82D-67A1E820314E}.Release|Any CPU.Build.0 = Release|Any CPU
		{822DCB02-22DB-41D8-A778-A2198EEDE40B}.Debug|Any CPU.ActiveCfg = Debug|Any CPU
		{822DCB02-22DB-41D8-A778-A2198EEDE40B}.Debug|Any CPU.Build.0 = Debug|Any CPU
		{822DCB02-22DB-41D8-A778-A2198EEDE40B}.Release|Any CPU.ActiveCfg = Release|Any CPU
		{822DCB02-22DB-41D8-A778-A2198EEDE40B}.Release|Any CPU.Build.0 = Release|Any CPU
		{D9B00D89-4DC3-4AC5-9454-AD9E410B5E15}.Debug|Any CPU.ActiveCfg = Debug|Any CPU
		{D9B00D89-4DC3-4AC5-9454-AD9E410B5E15}.Debug|Any CPU.Build.0 = Debug|Any CPU
		{D9B00D89-4DC3-4AC5-9454-AD9E410B5E15}.Release|Any CPU.ActiveCfg = Release|Any CPU
		{D9B00D89-4DC3-4AC5-9454-AD9E410B5E15}.Release|Any CPU.Build.0 = Release|Any CPU
		{BF4F315F-B832-4E63-AA82-D0EB922AC847}.Debug|Any CPU.ActiveCfg = Debug|Any CPU
		{BF4F315F-B832-4E63-AA82-D0EB922AC847}.Debug|Any CPU.Build.0 = Debug|Any CPU
		{BF4F315F-B832-4E63-AA82-D0EB922AC847}.Release|Any CPU.ActiveCfg = Release|Any CPU
		{BF4F315F-B832-4E63-AA82-D0EB922AC847}.Release|Any CPU.Build.0 = Release|Any CPU
		{B7F690B0-AF8A-49A9-9476-C61ED30F8DBC}.Debug|Any CPU.ActiveCfg = Debug|Any CPU
		{B7F690B0-AF8A-49A9-9476-C61ED30F8DBC}.Debug|Any CPU.Build.0 = Debug|Any CPU
		{B7F690B0-AF8A-49A9-9476-C61ED30F8DBC}.Release|Any CPU.ActiveCfg = Release|Any CPU
		{B7F690B0-AF8A-49A9-9476-C61ED30F8DBC}.Release|Any CPU.Build.0 = Release|Any CPU
		{1F067EC7-1BF6-4146-B56E-21346370B85A}.Debug|Any CPU.ActiveCfg = Debug|Any CPU
		{1F067EC7-1BF6-4146-B56E-21346370B85A}.Debug|Any CPU.Build.0 = Debug|Any CPU
		{1F067EC7-1BF6-4146-B56E-21346370B85A}.Release|Any CPU.ActiveCfg = Release|Any CPU
		{1F067EC7-1BF6-4146-B56E-21346370B85A}.Release|Any CPU.Build.0 = Release|Any CPU
		{78A3C6C2-B21D-45A0-95A5-6129053260C7}.Debug|Any CPU.ActiveCfg = Debug|Any CPU
		{78A3C6C2-B21D-45A0-95A5-6129053260C7}.Debug|Any CPU.Build.0 = Debug|Any CPU
		{78A3C6C2-B21D-45A0-95A5-6129053260C7}.Release|Any CPU.ActiveCfg = Release|Any CPU
		{78A3C6C2-B21D-45A0-95A5-6129053260C7}.Release|Any CPU.Build.0 = Release|Any CPU
		{D49A8121-0EB5-4C0B-A921-DF5128E15ACE}.Debug|Any CPU.ActiveCfg = Debug|Any CPU
		{D49A8121-0EB5-4C0B-A921-DF5128E15ACE}.Debug|Any CPU.Build.0 = Debug|Any CPU
		{D49A8121-0EB5-4C0B-A921-DF5128E15ACE}.Release|Any CPU.ActiveCfg = Release|Any CPU
		{D49A8121-0EB5-4C0B-A921-DF5128E15ACE}.Release|Any CPU.Build.0 = Release|Any CPU
		{F2A625BC-00DA-459A-8887-926C9DE3CD30}.Debug|Any CPU.ActiveCfg = Debug|Any CPU
		{F2A625BC-00DA-459A-8887-926C9DE3CD30}.Debug|Any CPU.Build.0 = Debug|Any CPU
		{F2A625BC-00DA-459A-8887-926C9DE3CD30}.Release|Any CPU.ActiveCfg = Release|Any CPU
		{F2A625BC-00DA-459A-8887-926C9DE3CD30}.Release|Any CPU.Build.0 = Release|Any CPU
		{9CD3D965-3B6C-4144-82A7-4020BAC9E66C}.Debug|Any CPU.ActiveCfg = Debug|Any CPU
		{9CD3D965-3B6C-4144-82A7-4020BAC9E66C}.Debug|Any CPU.Build.0 = Debug|Any CPU
		{9CD3D965-3B6C-4144-82A7-4020BAC9E66C}.Release|Any CPU.ActiveCfg = Release|Any CPU
		{9CD3D965-3B6C-4144-82A7-4020BAC9E66C}.Release|Any CPU.Build.0 = Release|Any CPU
		{6B8BEA22-E6CF-4483-8CFC-36BA5C3C9B41}.Debug|Any CPU.ActiveCfg = Debug|Any CPU
		{6B8BEA22-E6CF-4483-8CFC-36BA5C3C9B41}.Debug|Any CPU.Build.0 = Debug|Any CPU
		{6B8BEA22-E6CF-4483-8CFC-36BA5C3C9B41}.Release|Any CPU.ActiveCfg = Release|Any CPU
		{6B8BEA22-E6CF-4483-8CFC-36BA5C3C9B41}.Release|Any CPU.Build.0 = Release|Any CPU
		{2F5AB0E2-3E9C-43FE-BC9F-14F886AFCD10}.Debug|Any CPU.ActiveCfg = Debug|Any CPU
		{2F5AB0E2-3E9C-43FE-BC9F-14F886AFCD10}.Debug|Any CPU.Build.0 = Debug|Any CPU
		{2F5AB0E2-3E9C-43FE-BC9F-14F886AFCD10}.Release|Any CPU.ActiveCfg = Release|Any CPU
		{2F5AB0E2-3E9C-43FE-BC9F-14F886AFCD10}.Release|Any CPU.Build.0 = Release|Any CPU
		{6151A1DA-7363-4E0D-9B2B-59D982EF64FC}.Debug|Any CPU.ActiveCfg = Debug|Any CPU
		{6151A1DA-7363-4E0D-9B2B-59D982EF64FC}.Debug|Any CPU.Build.0 = Debug|Any CPU
		{6151A1DA-7363-4E0D-9B2B-59D982EF64FC}.Release|Any CPU.ActiveCfg = Release|Any CPU
		{6151A1DA-7363-4E0D-9B2B-59D982EF64FC}.Release|Any CPU.Build.0 = Release|Any CPU
		{BB9AFA2D-4C8C-4837-9575-D862037691CF}.Debug|Any CPU.ActiveCfg = Debug|Any CPU
		{BB9AFA2D-4C8C-4837-9575-D862037691CF}.Debug|Any CPU.Build.0 = Debug|Any CPU
		{BB9AFA2D-4C8C-4837-9575-D862037691CF}.Release|Any CPU.ActiveCfg = Release|Any CPU
		{BB9AFA2D-4C8C-4837-9575-D862037691CF}.Release|Any CPU.Build.0 = Release|Any CPU
		{BF10DF1B-04FD-4EB0-A731-7ACE4ED5F9EB}.Debug|Any CPU.ActiveCfg = Debug|Any CPU
		{BF10DF1B-04FD-4EB0-A731-7ACE4ED5F9EB}.Debug|Any CPU.Build.0 = Debug|Any CPU
		{BF10DF1B-04FD-4EB0-A731-7ACE4ED5F9EB}.Release|Any CPU.ActiveCfg = Release|Any CPU
		{BF10DF1B-04FD-4EB0-A731-7ACE4ED5F9EB}.Release|Any CPU.Build.0 = Release|Any CPU
		{5F72C617-6782-478E-96FA-5D7F22F5AA03}.Debug|Any CPU.ActiveCfg = Debug|Any CPU
		{5F72C617-6782-478E-96FA-5D7F22F5AA03}.Debug|Any CPU.Build.0 = Debug|Any CPU
		{5F72C617-6782-478E-96FA-5D7F22F5AA03}.Release|Any CPU.ActiveCfg = Release|Any CPU
		{5F72C617-6782-478E-96FA-5D7F22F5AA03}.Release|Any CPU.Build.0 = Release|Any CPU
		{0EEB5EE0-9DD4-42F7-B4BC-E5DD64DB3390}.Debug|Any CPU.ActiveCfg = Debug|Any CPU
		{0EEB5EE0-9DD4-42F7-B4BC-E5DD64DB3390}.Debug|Any CPU.Build.0 = Debug|Any CPU
		{0EEB5EE0-9DD4-42F7-B4BC-E5DD64DB3390}.Release|Any CPU.ActiveCfg = Release|Any CPU
		{0EEB5EE0-9DD4-42F7-B4BC-E5DD64DB3390}.Release|Any CPU.Build.0 = Release|Any CPU
		{1DCD7D43-4228-4320-8E73-E50238AD7956}.Debug|Any CPU.ActiveCfg = Debug|Any CPU
		{1DCD7D43-4228-4320-8E73-E50238AD7956}.Debug|Any CPU.Build.0 = Debug|Any CPU
		{1DCD7D43-4228-4320-8E73-E50238AD7956}.Release|Any CPU.ActiveCfg = Release|Any CPU
		{1DCD7D43-4228-4320-8E73-E50238AD7956}.Release|Any CPU.Build.0 = Release|Any CPU
		{6BCBC908-9553-41A9-BC09-6CF467986379}.Debug|Any CPU.ActiveCfg = Debug|Any CPU
		{6BCBC908-9553-41A9-BC09-6CF467986379}.Debug|Any CPU.Build.0 = Debug|Any CPU
		{6BCBC908-9553-41A9-BC09-6CF467986379}.Release|Any CPU.ActiveCfg = Release|Any CPU
		{6BCBC908-9553-41A9-BC09-6CF467986379}.Release|Any CPU.Build.0 = Release|Any CPU
		{B2C66537-3CDA-4E0D-B014-E5C0B8DA489E}.Debug|Any CPU.ActiveCfg = Debug|Any CPU
		{B2C66537-3CDA-4E0D-B014-E5C0B8DA489E}.Debug|Any CPU.Build.0 = Debug|Any CPU
		{B2C66537-3CDA-4E0D-B014-E5C0B8DA489E}.Release|Any CPU.ActiveCfg = Release|Any CPU
		{B2C66537-3CDA-4E0D-B014-E5C0B8DA489E}.Release|Any CPU.Build.0 = Release|Any CPU
		{9D91AA74-B5B1-4DBE-AC15-A3FF8920C08A}.Debug|Any CPU.ActiveCfg = Debug|Any CPU
		{9D91AA74-B5B1-4DBE-AC15-A3FF8920C08A}.Debug|Any CPU.Build.0 = Debug|Any CPU
		{9D91AA74-B5B1-4DBE-AC15-A3FF8920C08A}.Release|Any CPU.ActiveCfg = Release|Any CPU
		{9D91AA74-B5B1-4DBE-AC15-A3FF8920C08A}.Release|Any CPU.Build.0 = Release|Any CPU
		{34859D8E-AB6D-4F34-8A3B-E06B21739B2E}.Debug|Any CPU.ActiveCfg = Debug|Any CPU
		{34859D8E-AB6D-4F34-8A3B-E06B21739B2E}.Debug|Any CPU.Build.0 = Debug|Any CPU
		{34859D8E-AB6D-4F34-8A3B-E06B21739B2E}.Release|Any CPU.ActiveCfg = Release|Any CPU
		{34859D8E-AB6D-4F34-8A3B-E06B21739B2E}.Release|Any CPU.Build.0 = Release|Any CPU
		{432214E8-ADC4-48EE-9D20-ED6FBB901D0D}.Debug|Any CPU.ActiveCfg = Debug|Any CPU
		{432214E8-ADC4-48EE-9D20-ED6FBB901D0D}.Debug|Any CPU.Build.0 = Debug|Any CPU
		{432214E8-ADC4-48EE-9D20-ED6FBB901D0D}.Release|Any CPU.ActiveCfg = Release|Any CPU
		{432214E8-ADC4-48EE-9D20-ED6FBB901D0D}.Release|Any CPU.Build.0 = Release|Any CPU
		{4729D404-5232-401E-BA3C-CCC6135BE13E}.Debug|Any CPU.ActiveCfg = Debug|Any CPU
		{4729D404-5232-401E-BA3C-CCC6135BE13E}.Debug|Any CPU.Build.0 = Debug|Any CPU
		{4729D404-5232-401E-BA3C-CCC6135BE13E}.Release|Any CPU.ActiveCfg = Release|Any CPU
		{4729D404-5232-401E-BA3C-CCC6135BE13E}.Release|Any CPU.Build.0 = Release|Any CPU
		{135FFF8B-4D71-4A29-8F1D-3C228767AB59}.Debug|Any CPU.ActiveCfg = Debug|Any CPU
		{135FFF8B-4D71-4A29-8F1D-3C228767AB59}.Debug|Any CPU.Build.0 = Debug|Any CPU
		{135FFF8B-4D71-4A29-8F1D-3C228767AB59}.Release|Any CPU.ActiveCfg = Release|Any CPU
		{135FFF8B-4D71-4A29-8F1D-3C228767AB59}.Release|Any CPU.Build.0 = Release|Any CPU
		{EEC254BD-DFAE-4E2C-A0CD-0E5E602B61F6}.Debug|Any CPU.ActiveCfg = Debug|Any CPU
		{EEC254BD-DFAE-4E2C-A0CD-0E5E602B61F6}.Debug|Any CPU.Build.0 = Debug|Any CPU
		{EEC254BD-DFAE-4E2C-A0CD-0E5E602B61F6}.Release|Any CPU.ActiveCfg = Release|Any CPU
		{EEC254BD-DFAE-4E2C-A0CD-0E5E602B61F6}.Release|Any CPU.Build.0 = Release|Any CPU
		{941B6E77-7FBA-41DC-82FC-DA7B491B103B}.Debug|Any CPU.ActiveCfg = Debug|Any CPU
		{941B6E77-7FBA-41DC-82FC-DA7B491B103B}.Debug|Any CPU.Build.0 = Debug|Any CPU
		{941B6E77-7FBA-41DC-82FC-DA7B491B103B}.Release|Any CPU.ActiveCfg = Release|Any CPU
		{941B6E77-7FBA-41DC-82FC-DA7B491B103B}.Release|Any CPU.Build.0 = Release|Any CPU
		{3AA86B8A-511C-46BC-960A-5D3DF67243A5}.Debug|Any CPU.ActiveCfg = Debug|Any CPU
		{3AA86B8A-511C-46BC-960A-5D3DF67243A5}.Debug|Any CPU.Build.0 = Debug|Any CPU
		{3AA86B8A-511C-46BC-960A-5D3DF67243A5}.Release|Any CPU.ActiveCfg = Release|Any CPU
		{3AA86B8A-511C-46BC-960A-5D3DF67243A5}.Release|Any CPU.Build.0 = Release|Any CPU
	EndGlobalSection
	GlobalSection(SolutionProperties) = preSolution
		HideSolutionNode = FALSE
	EndGlobalSection
	GlobalSection(ExtensibilityGlobals) = postSolution
		SolutionGuid = {78F6920D-116D-488C-800F-8070CB3C246A}
	EndGlobalSection
EndGlobal
