
Microsoft Visual Studio Solution File, Format Version 12.00
# Visual Studio Version 17
VisualStudioVersion = 17.4.33205.214
MinimumVisualStudioVersion = 10.0.40219.1
Project("{9A19103F-16F7-4668-BE54-9A1E7A4F7556}") = "Day1-1", "Day1-1\Day1-1.csproj", "{BEB73005-47FC-4B0F-AFBF-50DA59214903}"
EndProject
Project("{9A19103F-16F7-4668-BE54-9A1E7A4F7556}") = "Day2-1", "Day2-1\Day2-1.csproj", "{A6C9867A-E534-46AE-B929-0F172EF9E1DF}"
EndProject
Project("{9A19103F-16F7-4668-BE54-9A1E7A4F7556}") = "Day3-1", "Day3-1\Day3-1.csproj", "{AB884654-48C9-47E6-9867-6AE235FAF77E}"
EndProject
Project("{9A19103F-16F7-4668-BE54-9A1E7A4F7556}") = "Day3-2", "Day3-2\Day3-2.csproj", "{57DC359E-B5ED-4262-910C-052F7CBDFC1E}"
EndProject
Project("{9A19103F-16F7-4668-BE54-9A1E7A4F7556}") = "Day4-1", "Day4-1\Day4-1.csproj", "{B21453C2-22B3-40E6-80EF-53DF9E5AD5B9}"
EndProject
Project("{9A19103F-16F7-4668-BE54-9A1E7A4F7556}") = "Day4-2", "Day4-2\Day4-2.csproj", "{C3D83AD7-8054-48DD-9ED8-751AC33EE6FD}"
EndProject
Project("{9A19103F-16F7-4668-BE54-9A1E7A4F7556}") = "Day5-1", "Day5-1\Day5-1.csproj", "{BF01A047-200E-494C-A5A7-321B2948FAAC}"
EndProject
Project("{9A19103F-16F7-4668-BE54-9A1E7A4F7556}") = "Day5-2", "Day5-2\Day5-2.csproj", "{006BD543-8DAF-4C48-98D2-22D42BCB906F}"
EndProject
Project("{9A19103F-16F7-4668-BE54-9A1E7A4F7556}") = "Day6-1", "Day6-1\Day6-1.csproj", "{31D7C04E-F36F-4C40-8670-B697FBAC758B}"
EndProject
Project("{9A19103F-16F7-4668-BE54-9A1E7A4F7556}") = "Day6-2", "Day6-2\Day6-2.csproj", "{A6F52E4B-02F3-4E51-9A53-609EA24ED52A}"
EndProject
Project("{9A19103F-16F7-4668-BE54-9A1E7A4F7556}") = "Day7-1", "Day7-1\Day7-1.csproj", "{5C52B8B2-4BCF-4168-9EAB-EAD75A9D6E6F}"
EndProject
Project("{9A19103F-16F7-4668-BE54-9A1E7A4F7556}") = "Day7-2", "Day7-2\Day7-2.csproj", "{A1590FA1-7886-4D2E-A521-3C660618D0EA}"
EndProject
Project("{9A19103F-16F7-4668-BE54-9A1E7A4F7556}") = "Day8-1", "Day8-1\Day8-1.csproj", "{76A52BB2-8FFE-4F25-B429-A5855B8B9A3D}"
EndProject
Project("{9A19103F-16F7-4668-BE54-9A1E7A4F7556}") = "Day8-2", "Day8-2\Day8-2.csproj", "{A6470BCB-412E-4021-9078-5EF5FF2C1395}"
EndProject
Project("{9A19103F-16F7-4668-BE54-9A1E7A4F7556}") = "Day9-1", "Day9-1\Day9-1.csproj", "{4B8591E8-CED2-4509-83EA-13C456B801F5}"
EndProject
Project("{9A19103F-16F7-4668-BE54-9A1E7A4F7556}") = "Day9-2", "Day9-2\Day9-2.csproj", "{DC40E526-D741-48CB-9F94-235E45463184}"
EndProject
Project("{9A19103F-16F7-4668-BE54-9A1E7A4F7556}") = "Day10-1", "Day10-1\Day10-1.csproj", "{57F0142B-1CD7-4458-B90D-93A4CEA3CE65}"
EndProject
Project("{9A19103F-16F7-4668-BE54-9A1E7A4F7556}") = "Day10-2", "Day10-2\Day10-2.csproj", "{A5F72A68-6386-4844-A7F5-12904D3D798C}"
EndProject
Project("{9A19103F-16F7-4668-BE54-9A1E7A4F7556}") = "Day11-1", "Day11-1\Day11-1.csproj", "{6D9457A7-E6DB-438D-AE97-C16EB8925700}"
EndProject
Project("{9A19103F-16F7-4668-BE54-9A1E7A4F7556}") = "Day11-2", "Day11-2\Day11-2.csproj", "{79E9BE30-C273-41CF-A52B-264253B74061}"
EndProject
Project("{9A19103F-16F7-4668-BE54-9A1E7A4F7556}") = "Day12-1", "Day12-1\Day12-1.csproj", "{78A557EB-89C6-43C2-8D21-667CBE204980}"
EndProject
Project("{9A19103F-16F7-4668-BE54-9A1E7A4F7556}") = "Day12-2", "Day12-2\Day12-2.csproj", "{42389910-A3AA-4A32-A814-81C2D2C026B2}"
EndProject
Project("{9A19103F-16F7-4668-BE54-9A1E7A4F7556}") = "Day13-1", "Day13-1\Day13-1.csproj", "{DEE54274-F79F-4C0C-9062-D8F18EB641F3}"
EndProject
Project("{9A19103F-16F7-4668-BE54-9A1E7A4F7556}") = "Day13-2", "Day13-2\Day13-2.csproj", "{29356FB1-4F3C-4047-9B04-2843FFB0D383}"
EndProject
Project("{9A19103F-16F7-4668-BE54-9A1E7A4F7556}") = "Day14-1", "Day14-1\Day14-1.csproj", "{2DE0266C-02C3-49F3-87F4-9985C6EC5120}"
EndProject
Project("{9A19103F-16F7-4668-BE54-9A1E7A4F7556}") = "Day14-2", "Day14-2\Day14-2.csproj", "{C3DF376C-B69D-4BB8-B01F-466638978DB6}"
EndProject
Project("{9A19103F-16F7-4668-BE54-9A1E7A4F7556}") = "Day15-1", "Day15-1\Day15-1.csproj", "{6A452C2D-857B-4A55-9952-FAC2EE6A68F7}"
EndProject
Project("{9A19103F-16F7-4668-BE54-9A1E7A4F7556}") = "Day15-2", "Day15-2\Day15-2.csproj", "{7B5D8A9B-E913-427B-BC9A-B1075668275E}"
EndProject
Project("{9A19103F-16F7-4668-BE54-9A1E7A4F7556}") = "Day16-1", "Day16-1\Day16-1.csproj", "{7D68643D-9D94-499F-BFD6-8A3859E8D30C}"
EndProject
Project("{9A19103F-16F7-4668-BE54-9A1E7A4F7556}") = "Day16-2", "Day16-2\Day16-2.csproj", "{E6C09860-6765-4A94-8916-413293EA9281}"
EndProject
Project("{9A19103F-16F7-4668-BE54-9A1E7A4F7556}") = "Day17-1", "Day17-1\Day17-1.csproj", "{851C8594-7FA0-4D8B-AEC7-23ED406E8F38}"
EndProject
Project("{9A19103F-16F7-4668-BE54-9A1E7A4F7556}") = "Day17-2", "Day17-2\Day17-2.csproj", "{E51A0FAA-2DE3-4DE4-AE7F-E9B80A1CB3A2}"
EndProject
Project("{9A19103F-16F7-4668-BE54-9A1E7A4F7556}") = "Day18-1", "Day18-1\Day18-1.csproj", "{EC0FBF7A-6797-47A6-B6C3-E3708CA6A90C}"
EndProject
Project("{9A19103F-16F7-4668-BE54-9A1E7A4F7556}") = "Day18-2", "Day18-2\Day18-2.csproj", "{5574A76A-3ED1-47BC-A564-955279EEEAB3}"
EndProject
Project("{9A19103F-16F7-4668-BE54-9A1E7A4F7556}") = "Day19-1", "Day19-1\Day19-1.csproj", "{DAC45F61-890B-4444-B45C-82EEFBE375F0}"
EndProject
Project("{9A19103F-16F7-4668-BE54-9A1E7A4F7556}") = "Day19-2", "Day19-2\Day19-2.csproj", "{952F8E7D-F84F-4B4E-AF91-AE3B7B6DD5DF}"
EndProject
Project("{9A19103F-16F7-4668-BE54-9A1E7A4F7556}") = "Day20-1", "Day20-1\Day20-1.csproj", "{8A492F38-C95B-471C-8196-4514FC5BFDCD}"
EndProject
Project("{9A19103F-16F7-4668-BE54-9A1E7A4F7556}") = "Day20-2", "Day20-2\Day20-2.csproj", "{A9C83DA4-C394-4024-BD38-634EA7FF02E2}"
EndProject
Project("{9A19103F-16F7-4668-BE54-9A1E7A4F7556}") = "Day21-1", "Day21-1\Day21-1.csproj", "{3A3DA87E-DF2B-4EC1-9689-DAFA2032F441}"
EndProject
Project("{9A19103F-16F7-4668-BE54-9A1E7A4F7556}") = "Day21-2", "Day21-2\Day21-2.csproj", "{80990158-8014-47B4-B6EF-D07ECF701452}"
EndProject
Project("{9A19103F-16F7-4668-BE54-9A1E7A4F7556}") = "Day22-1", "Day22-1\Day22-1.csproj", "{E5909F11-57C7-4C48-98DF-5789CE387FB3}"
EndProject
Project("{9A19103F-16F7-4668-BE54-9A1E7A4F7556}") = "Day22-2", "Day22-2\Day22-2.csproj", "{81DFE2BF-9D7C-4FBB-935D-6D61EC08C62F}"
EndProject
Project("{9A19103F-16F7-4668-BE54-9A1E7A4F7556}") = "Day23-1", "Day23-1\Day23-1.csproj", "{D8F4FAD9-A84E-4E0E-8558-4FEA93CD165A}"
EndProject
Project("{9A19103F-16F7-4668-BE54-9A1E7A4F7556}") = "Day23-2", "Day23-2\Day23-2.csproj", "{4DF6FFE5-0B49-4BE8-9349-BBFB8D6FD5CD}"
EndProject
Project("{9A19103F-16F7-4668-BE54-9A1E7A4F7556}") = "Day24-1", "Day24-1\Day24-1.csproj", "{A149FF07-7F26-4074-B17E-E64DC1F3D6E7}"
EndProject
Project("{9A19103F-16F7-4668-BE54-9A1E7A4F7556}") = "Day24-2", "Day24-2\Day24-2.csproj", "{EFA4550A-95C0-415C-B9FE-C963DBCEA7A0}"
EndProject
Project("{FAE04EC0-301F-11D3-BF4B-00C04F79EFBC}") = "Day25-1", "Day25-1\Day25-1.csproj", "{F215C9C1-0BC7-4A69-ABFB-42D357759731}"
EndProject
Global
	GlobalSection(SolutionConfigurationPlatforms) = preSolution
		Debug|Any CPU = Debug|Any CPU
		Release|Any CPU = Release|Any CPU
	EndGlobalSection
	GlobalSection(ProjectConfigurationPlatforms) = postSolution
		{BEB73005-47FC-4B0F-AFBF-50DA59214903}.Debug|Any CPU.ActiveCfg = Debug|Any CPU
		{BEB73005-47FC-4B0F-AFBF-50DA59214903}.Debug|Any CPU.Build.0 = Debug|Any CPU
		{BEB73005-47FC-4B0F-AFBF-50DA59214903}.Release|Any CPU.ActiveCfg = Release|Any CPU
		{BEB73005-47FC-4B0F-AFBF-50DA59214903}.Release|Any CPU.Build.0 = Release|Any CPU
		{A6C9867A-E534-46AE-B929-0F172EF9E1DF}.Debug|Any CPU.ActiveCfg = Debug|Any CPU
		{A6C9867A-E534-46AE-B929-0F172EF9E1DF}.Debug|Any CPU.Build.0 = Debug|Any CPU
		{A6C9867A-E534-46AE-B929-0F172EF9E1DF}.Release|Any CPU.ActiveCfg = Release|Any CPU
		{A6C9867A-E534-46AE-B929-0F172EF9E1DF}.Release|Any CPU.Build.0 = Release|Any CPU
		{AB884654-48C9-47E6-9867-6AE235FAF77E}.Debug|Any CPU.ActiveCfg = Debug|Any CPU
		{AB884654-48C9-47E6-9867-6AE235FAF77E}.Debug|Any CPU.Build.0 = Debug|Any CPU
		{AB884654-48C9-47E6-9867-6AE235FAF77E}.Release|Any CPU.ActiveCfg = Release|Any CPU
		{AB884654-48C9-47E6-9867-6AE235FAF77E}.Release|Any CPU.Build.0 = Release|Any CPU
		{57DC359E-B5ED-4262-910C-052F7CBDFC1E}.Debug|Any CPU.ActiveCfg = Debug|Any CPU
		{57DC359E-B5ED-4262-910C-052F7CBDFC1E}.Debug|Any CPU.Build.0 = Debug|Any CPU
		{57DC359E-B5ED-4262-910C-052F7CBDFC1E}.Release|Any CPU.ActiveCfg = Release|Any CPU
		{57DC359E-B5ED-4262-910C-052F7CBDFC1E}.Release|Any CPU.Build.0 = Release|Any CPU
		{B21453C2-22B3-40E6-80EF-53DF9E5AD5B9}.Debug|Any CPU.ActiveCfg = Debug|Any CPU
		{B21453C2-22B3-40E6-80EF-53DF9E5AD5B9}.Debug|Any CPU.Build.0 = Debug|Any CPU
		{B21453C2-22B3-40E6-80EF-53DF9E5AD5B9}.Release|Any CPU.ActiveCfg = Release|Any CPU
		{B21453C2-22B3-40E6-80EF-53DF9E5AD5B9}.Release|Any CPU.Build.0 = Release|Any CPU
		{C3D83AD7-8054-48DD-9ED8-751AC33EE6FD}.Debug|Any CPU.ActiveCfg = Debug|Any CPU
		{C3D83AD7-8054-48DD-9ED8-751AC33EE6FD}.Debug|Any CPU.Build.0 = Debug|Any CPU
		{C3D83AD7-8054-48DD-9ED8-751AC33EE6FD}.Release|Any CPU.ActiveCfg = Release|Any CPU
		{C3D83AD7-8054-48DD-9ED8-751AC33EE6FD}.Release|Any CPU.Build.0 = Release|Any CPU
		{BF01A047-200E-494C-A5A7-321B2948FAAC}.Debug|Any CPU.ActiveCfg = Debug|Any CPU
		{BF01A047-200E-494C-A5A7-321B2948FAAC}.Debug|Any CPU.Build.0 = Debug|Any CPU
		{BF01A047-200E-494C-A5A7-321B2948FAAC}.Release|Any CPU.ActiveCfg = Release|Any CPU
		{BF01A047-200E-494C-A5A7-321B2948FAAC}.Release|Any CPU.Build.0 = Release|Any CPU
		{006BD543-8DAF-4C48-98D2-22D42BCB906F}.Debug|Any CPU.ActiveCfg = Debug|Any CPU
		{006BD543-8DAF-4C48-98D2-22D42BCB906F}.Debug|Any CPU.Build.0 = Debug|Any CPU
		{006BD543-8DAF-4C48-98D2-22D42BCB906F}.Release|Any CPU.ActiveCfg = Release|Any CPU
		{006BD543-8DAF-4C48-98D2-22D42BCB906F}.Release|Any CPU.Build.0 = Release|Any CPU
		{31D7C04E-F36F-4C40-8670-B697FBAC758B}.Debug|Any CPU.ActiveCfg = Debug|Any CPU
		{31D7C04E-F36F-4C40-8670-B697FBAC758B}.Debug|Any CPU.Build.0 = Debug|Any CPU
		{31D7C04E-F36F-4C40-8670-B697FBAC758B}.Release|Any CPU.ActiveCfg = Release|Any CPU
		{31D7C04E-F36F-4C40-8670-B697FBAC758B}.Release|Any CPU.Build.0 = Release|Any CPU
		{A6F52E4B-02F3-4E51-9A53-609EA24ED52A}.Debug|Any CPU.ActiveCfg = Debug|Any CPU
		{A6F52E4B-02F3-4E51-9A53-609EA24ED52A}.Debug|Any CPU.Build.0 = Debug|Any CPU
		{A6F52E4B-02F3-4E51-9A53-609EA24ED52A}.Release|Any CPU.ActiveCfg = Release|Any CPU
		{A6F52E4B-02F3-4E51-9A53-609EA24ED52A}.Release|Any CPU.Build.0 = Release|Any CPU
		{5C52B8B2-4BCF-4168-9EAB-EAD75A9D6E6F}.Debug|Any CPU.ActiveCfg = Debug|Any CPU
		{5C52B8B2-4BCF-4168-9EAB-EAD75A9D6E6F}.Debug|Any CPU.Build.0 = Debug|Any CPU
		{5C52B8B2-4BCF-4168-9EAB-EAD75A9D6E6F}.Release|Any CPU.ActiveCfg = Release|Any CPU
		{5C52B8B2-4BCF-4168-9EAB-EAD75A9D6E6F}.Release|Any CPU.Build.0 = Release|Any CPU
		{A1590FA1-7886-4D2E-A521-3C660618D0EA}.Debug|Any CPU.ActiveCfg = Debug|Any CPU
		{A1590FA1-7886-4D2E-A521-3C660618D0EA}.Debug|Any CPU.Build.0 = Debug|Any CPU
		{A1590FA1-7886-4D2E-A521-3C660618D0EA}.Release|Any CPU.ActiveCfg = Release|Any CPU
		{A1590FA1-7886-4D2E-A521-3C660618D0EA}.Release|Any CPU.Build.0 = Release|Any CPU
		{76A52BB2-8FFE-4F25-B429-A5855B8B9A3D}.Debug|Any CPU.ActiveCfg = Debug|Any CPU
		{76A52BB2-8FFE-4F25-B429-A5855B8B9A3D}.Debug|Any CPU.Build.0 = Debug|Any CPU
		{76A52BB2-8FFE-4F25-B429-A5855B8B9A3D}.Release|Any CPU.ActiveCfg = Release|Any CPU
		{76A52BB2-8FFE-4F25-B429-A5855B8B9A3D}.Release|Any CPU.Build.0 = Release|Any CPU
		{A6470BCB-412E-4021-9078-5EF5FF2C1395}.Debug|Any CPU.ActiveCfg = Debug|Any CPU
		{A6470BCB-412E-4021-9078-5EF5FF2C1395}.Debug|Any CPU.Build.0 = Debug|Any CPU
		{A6470BCB-412E-4021-9078-5EF5FF2C1395}.Release|Any CPU.ActiveCfg = Release|Any CPU
		{A6470BCB-412E-4021-9078-5EF5FF2C1395}.Release|Any CPU.Build.0 = Release|Any CPU
		{4B8591E8-CED2-4509-83EA-13C456B801F5}.Debug|Any CPU.ActiveCfg = Debug|Any CPU
		{4B8591E8-CED2-4509-83EA-13C456B801F5}.Debug|Any CPU.Build.0 = Debug|Any CPU
		{4B8591E8-CED2-4509-83EA-13C456B801F5}.Release|Any CPU.ActiveCfg = Release|Any CPU
		{4B8591E8-CED2-4509-83EA-13C456B801F5}.Release|Any CPU.Build.0 = Release|Any CPU
		{DC40E526-D741-48CB-9F94-235E45463184}.Debug|Any CPU.ActiveCfg = Debug|Any CPU
		{DC40E526-D741-48CB-9F94-235E45463184}.Debug|Any CPU.Build.0 = Debug|Any CPU
		{DC40E526-D741-48CB-9F94-235E45463184}.Release|Any CPU.ActiveCfg = Release|Any CPU
		{DC40E526-D741-48CB-9F94-235E45463184}.Release|Any CPU.Build.0 = Release|Any CPU
		{57F0142B-1CD7-4458-B90D-93A4CEA3CE65}.Debug|Any CPU.ActiveCfg = Debug|Any CPU
		{57F0142B-1CD7-4458-B90D-93A4CEA3CE65}.Debug|Any CPU.Build.0 = Debug|Any CPU
		{57F0142B-1CD7-4458-B90D-93A4CEA3CE65}.Release|Any CPU.ActiveCfg = Release|Any CPU
		{57F0142B-1CD7-4458-B90D-93A4CEA3CE65}.Release|Any CPU.Build.0 = Release|Any CPU
		{A5F72A68-6386-4844-A7F5-12904D3D798C}.Debug|Any CPU.ActiveCfg = Debug|Any CPU
		{A5F72A68-6386-4844-A7F5-12904D3D798C}.Debug|Any CPU.Build.0 = Debug|Any CPU
		{A5F72A68-6386-4844-A7F5-12904D3D798C}.Release|Any CPU.ActiveCfg = Release|Any CPU
		{A5F72A68-6386-4844-A7F5-12904D3D798C}.Release|Any CPU.Build.0 = Release|Any CPU
		{6D9457A7-E6DB-438D-AE97-C16EB8925700}.Debug|Any CPU.ActiveCfg = Debug|Any CPU
		{6D9457A7-E6DB-438D-AE97-C16EB8925700}.Debug|Any CPU.Build.0 = Debug|Any CPU
		{6D9457A7-E6DB-438D-AE97-C16EB8925700}.Release|Any CPU.ActiveCfg = Release|Any CPU
		{6D9457A7-E6DB-438D-AE97-C16EB8925700}.Release|Any CPU.Build.0 = Release|Any CPU
		{79E9BE30-C273-41CF-A52B-264253B74061}.Debug|Any CPU.ActiveCfg = Debug|Any CPU
		{79E9BE30-C273-41CF-A52B-264253B74061}.Debug|Any CPU.Build.0 = Debug|Any CPU
		{79E9BE30-C273-41CF-A52B-264253B74061}.Release|Any CPU.ActiveCfg = Release|Any CPU
		{79E9BE30-C273-41CF-A52B-264253B74061}.Release|Any CPU.Build.0 = Release|Any CPU
		{78A557EB-89C6-43C2-8D21-667CBE204980}.Debug|Any CPU.ActiveCfg = Debug|Any CPU
		{78A557EB-89C6-43C2-8D21-667CBE204980}.Debug|Any CPU.Build.0 = Debug|Any CPU
		{78A557EB-89C6-43C2-8D21-667CBE204980}.Release|Any CPU.ActiveCfg = Release|Any CPU
		{78A557EB-89C6-43C2-8D21-667CBE204980}.Release|Any CPU.Build.0 = Release|Any CPU
		{42389910-A3AA-4A32-A814-81C2D2C026B2}.Debug|Any CPU.ActiveCfg = Debug|Any CPU
		{42389910-A3AA-4A32-A814-81C2D2C026B2}.Debug|Any CPU.Build.0 = Debug|Any CPU
		{42389910-A3AA-4A32-A814-81C2D2C026B2}.Release|Any CPU.ActiveCfg = Release|Any CPU
		{42389910-A3AA-4A32-A814-81C2D2C026B2}.Release|Any CPU.Build.0 = Release|Any CPU
		{DEE54274-F79F-4C0C-9062-D8F18EB641F3}.Debug|Any CPU.ActiveCfg = Debug|Any CPU
		{DEE54274-F79F-4C0C-9062-D8F18EB641F3}.Debug|Any CPU.Build.0 = Debug|Any CPU
		{DEE54274-F79F-4C0C-9062-D8F18EB641F3}.Release|Any CPU.ActiveCfg = Release|Any CPU
		{DEE54274-F79F-4C0C-9062-D8F18EB641F3}.Release|Any CPU.Build.0 = Release|Any CPU
		{29356FB1-4F3C-4047-9B04-2843FFB0D383}.Debug|Any CPU.ActiveCfg = Debug|Any CPU
		{29356FB1-4F3C-4047-9B04-2843FFB0D383}.Debug|Any CPU.Build.0 = Debug|Any CPU
		{29356FB1-4F3C-4047-9B04-2843FFB0D383}.Release|Any CPU.ActiveCfg = Release|Any CPU
		{29356FB1-4F3C-4047-9B04-2843FFB0D383}.Release|Any CPU.Build.0 = Release|Any CPU
		{2DE0266C-02C3-49F3-87F4-9985C6EC5120}.Debug|Any CPU.ActiveCfg = Debug|Any CPU
		{2DE0266C-02C3-49F3-87F4-9985C6EC5120}.Debug|Any CPU.Build.0 = Debug|Any CPU
		{2DE0266C-02C3-49F3-87F4-9985C6EC5120}.Release|Any CPU.ActiveCfg = Release|Any CPU
		{2DE0266C-02C3-49F3-87F4-9985C6EC5120}.Release|Any CPU.Build.0 = Release|Any CPU
		{C3DF376C-B69D-4BB8-B01F-466638978DB6}.Debug|Any CPU.ActiveCfg = Debug|Any CPU
		{C3DF376C-B69D-4BB8-B01F-466638978DB6}.Debug|Any CPU.Build.0 = Debug|Any CPU
		{C3DF376C-B69D-4BB8-B01F-466638978DB6}.Release|Any CPU.ActiveCfg = Release|Any CPU
		{C3DF376C-B69D-4BB8-B01F-466638978DB6}.Release|Any CPU.Build.0 = Release|Any CPU
		{6A452C2D-857B-4A55-9952-FAC2EE6A68F7}.Debug|Any CPU.ActiveCfg = Debug|Any CPU
		{6A452C2D-857B-4A55-9952-FAC2EE6A68F7}.Debug|Any CPU.Build.0 = Debug|Any CPU
		{6A452C2D-857B-4A55-9952-FAC2EE6A68F7}.Release|Any CPU.ActiveCfg = Release|Any CPU
		{6A452C2D-857B-4A55-9952-FAC2EE6A68F7}.Release|Any CPU.Build.0 = Release|Any CPU
		{7B5D8A9B-E913-427B-BC9A-B1075668275E}.Debug|Any CPU.ActiveCfg = Debug|Any CPU
		{7B5D8A9B-E913-427B-BC9A-B1075668275E}.Debug|Any CPU.Build.0 = Debug|Any CPU
		{7B5D8A9B-E913-427B-BC9A-B1075668275E}.Release|Any CPU.ActiveCfg = Release|Any CPU
		{7B5D8A9B-E913-427B-BC9A-B1075668275E}.Release|Any CPU.Build.0 = Release|Any CPU
		{7D68643D-9D94-499F-BFD6-8A3859E8D30C}.Debug|Any CPU.ActiveCfg = Debug|Any CPU
		{7D68643D-9D94-499F-BFD6-8A3859E8D30C}.Debug|Any CPU.Build.0 = Debug|Any CPU
		{7D68643D-9D94-499F-BFD6-8A3859E8D30C}.Release|Any CPU.ActiveCfg = Release|Any CPU
		{7D68643D-9D94-499F-BFD6-8A3859E8D30C}.Release|Any CPU.Build.0 = Release|Any CPU
		{E6C09860-6765-4A94-8916-413293EA9281}.Debug|Any CPU.ActiveCfg = Debug|Any CPU
		{E6C09860-6765-4A94-8916-413293EA9281}.Debug|Any CPU.Build.0 = Debug|Any CPU
		{E6C09860-6765-4A94-8916-413293EA9281}.Release|Any CPU.ActiveCfg = Release|Any CPU
		{E6C09860-6765-4A94-8916-413293EA9281}.Release|Any CPU.Build.0 = Release|Any CPU
		{851C8594-7FA0-4D8B-AEC7-23ED406E8F38}.Debug|Any CPU.ActiveCfg = Debug|Any CPU
		{851C8594-7FA0-4D8B-AEC7-23ED406E8F38}.Debug|Any CPU.Build.0 = Debug|Any CPU
		{851C8594-7FA0-4D8B-AEC7-23ED406E8F38}.Release|Any CPU.ActiveCfg = Release|Any CPU
		{851C8594-7FA0-4D8B-AEC7-23ED406E8F38}.Release|Any CPU.Build.0 = Release|Any CPU
		{E51A0FAA-2DE3-4DE4-AE7F-E9B80A1CB3A2}.Debug|Any CPU.ActiveCfg = Debug|Any CPU
		{E51A0FAA-2DE3-4DE4-AE7F-E9B80A1CB3A2}.Debug|Any CPU.Build.0 = Debug|Any CPU
		{E51A0FAA-2DE3-4DE4-AE7F-E9B80A1CB3A2}.Release|Any CPU.ActiveCfg = Release|Any CPU
		{E51A0FAA-2DE3-4DE4-AE7F-E9B80A1CB3A2}.Release|Any CPU.Build.0 = Release|Any CPU
		{EC0FBF7A-6797-47A6-B6C3-E3708CA6A90C}.Debug|Any CPU.ActiveCfg = Debug|Any CPU
		{EC0FBF7A-6797-47A6-B6C3-E3708CA6A90C}.Debug|Any CPU.Build.0 = Debug|Any CPU
		{EC0FBF7A-6797-47A6-B6C3-E3708CA6A90C}.Release|Any CPU.ActiveCfg = Release|Any CPU
		{EC0FBF7A-6797-47A6-B6C3-E3708CA6A90C}.Release|Any CPU.Build.0 = Release|Any CPU
		{5574A76A-3ED1-47BC-A564-955279EEEAB3}.Debug|Any CPU.ActiveCfg = Debug|Any CPU
		{5574A76A-3ED1-47BC-A564-955279EEEAB3}.Debug|Any CPU.Build.0 = Debug|Any CPU
		{5574A76A-3ED1-47BC-A564-955279EEEAB3}.Release|Any CPU.ActiveCfg = Release|Any CPU
		{5574A76A-3ED1-47BC-A564-955279EEEAB3}.Release|Any CPU.Build.0 = Release|Any CPU
		{DAC45F61-890B-4444-B45C-82EEFBE375F0}.Debug|Any CPU.ActiveCfg = Debug|Any CPU
		{DAC45F61-890B-4444-B45C-82EEFBE375F0}.Debug|Any CPU.Build.0 = Debug|Any CPU
		{DAC45F61-890B-4444-B45C-82EEFBE375F0}.Release|Any CPU.ActiveCfg = Release|Any CPU
		{DAC45F61-890B-4444-B45C-82EEFBE375F0}.Release|Any CPU.Build.0 = Release|Any CPU
		{952F8E7D-F84F-4B4E-AF91-AE3B7B6DD5DF}.Debug|Any CPU.ActiveCfg = Debug|Any CPU
		{952F8E7D-F84F-4B4E-AF91-AE3B7B6DD5DF}.Debug|Any CPU.Build.0 = Debug|Any CPU
		{952F8E7D-F84F-4B4E-AF91-AE3B7B6DD5DF}.Release|Any CPU.ActiveCfg = Release|Any CPU
		{952F8E7D-F84F-4B4E-AF91-AE3B7B6DD5DF}.Release|Any CPU.Build.0 = Release|Any CPU
		{8A492F38-C95B-471C-8196-4514FC5BFDCD}.Debug|Any CPU.ActiveCfg = Debug|Any CPU
		{8A492F38-C95B-471C-8196-4514FC5BFDCD}.Debug|Any CPU.Build.0 = Debug|Any CPU
		{8A492F38-C95B-471C-8196-4514FC5BFDCD}.Release|Any CPU.ActiveCfg = Release|Any CPU
		{8A492F38-C95B-471C-8196-4514FC5BFDCD}.Release|Any CPU.Build.0 = Release|Any CPU
		{A9C83DA4-C394-4024-BD38-634EA7FF02E2}.Debug|Any CPU.ActiveCfg = Debug|Any CPU
		{A9C83DA4-C394-4024-BD38-634EA7FF02E2}.Debug|Any CPU.Build.0 = Debug|Any CPU
		{A9C83DA4-C394-4024-BD38-634EA7FF02E2}.Release|Any CPU.ActiveCfg = Release|Any CPU
		{A9C83DA4-C394-4024-BD38-634EA7FF02E2}.Release|Any CPU.Build.0 = Release|Any CPU
		{3A3DA87E-DF2B-4EC1-9689-DAFA2032F441}.Debug|Any CPU.ActiveCfg = Debug|Any CPU
		{3A3DA87E-DF2B-4EC1-9689-DAFA2032F441}.Debug|Any CPU.Build.0 = Debug|Any CPU
		{3A3DA87E-DF2B-4EC1-9689-DAFA2032F441}.Release|Any CPU.ActiveCfg = Release|Any CPU
		{3A3DA87E-DF2B-4EC1-9689-DAFA2032F441}.Release|Any CPU.Build.0 = Release|Any CPU
		{80990158-8014-47B4-B6EF-D07ECF701452}.Debug|Any CPU.ActiveCfg = Debug|Any CPU
		{80990158-8014-47B4-B6EF-D07ECF701452}.Debug|Any CPU.Build.0 = Debug|Any CPU
		{80990158-8014-47B4-B6EF-D07ECF701452}.Release|Any CPU.ActiveCfg = Release|Any CPU
		{80990158-8014-47B4-B6EF-D07ECF701452}.Release|Any CPU.Build.0 = Release|Any CPU
		{E5909F11-57C7-4C48-98DF-5789CE387FB3}.Debug|Any CPU.ActiveCfg = Debug|Any CPU
		{E5909F11-57C7-4C48-98DF-5789CE387FB3}.Debug|Any CPU.Build.0 = Debug|Any CPU
		{E5909F11-57C7-4C48-98DF-5789CE387FB3}.Release|Any CPU.ActiveCfg = Release|Any CPU
		{E5909F11-57C7-4C48-98DF-5789CE387FB3}.Release|Any CPU.Build.0 = Release|Any CPU
		{81DFE2BF-9D7C-4FBB-935D-6D61EC08C62F}.Debug|Any CPU.ActiveCfg = Debug|Any CPU
		{81DFE2BF-9D7C-4FBB-935D-6D61EC08C62F}.Debug|Any CPU.Build.0 = Debug|Any CPU
		{81DFE2BF-9D7C-4FBB-935D-6D61EC08C62F}.Release|Any CPU.ActiveCfg = Release|Any CPU
		{81DFE2BF-9D7C-4FBB-935D-6D61EC08C62F}.Release|Any CPU.Build.0 = Release|Any CPU
		{D8F4FAD9-A84E-4E0E-8558-4FEA93CD165A}.Debug|Any CPU.ActiveCfg = Debug|Any CPU
		{D8F4FAD9-A84E-4E0E-8558-4FEA93CD165A}.Debug|Any CPU.Build.0 = Debug|Any CPU
		{D8F4FAD9-A84E-4E0E-8558-4FEA93CD165A}.Release|Any CPU.ActiveCfg = Release|Any CPU
		{D8F4FAD9-A84E-4E0E-8558-4FEA93CD165A}.Release|Any CPU.Build.0 = Release|Any CPU
		{4DF6FFE5-0B49-4BE8-9349-BBFB8D6FD5CD}.Debug|Any CPU.ActiveCfg = Debug|Any CPU
		{4DF6FFE5-0B49-4BE8-9349-BBFB8D6FD5CD}.Debug|Any CPU.Build.0 = Debug|Any CPU
		{4DF6FFE5-0B49-4BE8-9349-BBFB8D6FD5CD}.Release|Any CPU.ActiveCfg = Release|Any CPU
		{4DF6FFE5-0B49-4BE8-9349-BBFB8D6FD5CD}.Release|Any CPU.Build.0 = Release|Any CPU
		{A149FF07-7F26-4074-B17E-E64DC1F3D6E7}.Debug|Any CPU.ActiveCfg = Debug|Any CPU
		{A149FF07-7F26-4074-B17E-E64DC1F3D6E7}.Debug|Any CPU.Build.0 = Debug|Any CPU
		{A149FF07-7F26-4074-B17E-E64DC1F3D6E7}.Release|Any CPU.ActiveCfg = Release|Any CPU
		{A149FF07-7F26-4074-B17E-E64DC1F3D6E7}.Release|Any CPU.Build.0 = Release|Any CPU
		{EFA4550A-95C0-415C-B9FE-C963DBCEA7A0}.Debug|Any CPU.ActiveCfg = Debug|Any CPU
		{EFA4550A-95C0-415C-B9FE-C963DBCEA7A0}.Debug|Any CPU.Build.0 = Debug|Any CPU
		{EFA4550A-95C0-415C-B9FE-C963DBCEA7A0}.Release|Any CPU.ActiveCfg = Release|Any CPU
		{EFA4550A-95C0-415C-B9FE-C963DBCEA7A0}.Release|Any CPU.Build.0 = Release|Any CPU
		{F215C9C1-0BC7-4A69-ABFB-42D357759731}.Debug|Any CPU.ActiveCfg = Debug|Any CPU
		{F215C9C1-0BC7-4A69-ABFB-42D357759731}.Debug|Any CPU.Build.0 = Debug|Any CPU
		{F215C9C1-0BC7-4A69-ABFB-42D357759731}.Release|Any CPU.ActiveCfg = Release|Any CPU
		{F215C9C1-0BC7-4A69-ABFB-42D357759731}.Release|Any CPU.Build.0 = Release|Any CPU
	EndGlobalSection
	GlobalSection(SolutionProperties) = preSolution
		HideSolutionNode = FALSE
	EndGlobalSection
	GlobalSection(ExtensibilityGlobals) = postSolution
		SolutionGuid = {38EB031A-BA5A-483F-AC00-C50CB17670D5}
	EndGlobalSection
EndGlobal
